// !$*UTF8*$!
{
	archiveVersion = 1;
	classes = {
	};
	objectVersion = 56;
	objects = {

/* Begin PBXBuildFile section */
		640189C02A29543000813E20 /* Pet.swift in Sources */ = {isa = PBXBuildFile; fileRef = 640189BF2A29543000813E20 /* Pet.swift */; };
		640920D02A2008FE0090A364 /* CardPetComponent.swift in Sources */ = {isa = PBXBuildFile; fileRef = 640920CF2A2008FE0090A364 /* CardPetComponent.swift */; };
		641AEB0D2A1EC48C00F2CE34 /* loveMyPetApp.swift in Sources */ = {isa = PBXBuildFile; fileRef = 641AEB0C2A1EC48C00F2CE34 /* loveMyPetApp.swift */; };
		641AEB112A1EC48C00F2CE34 /* Assets.xcassets in Resources */ = {isa = PBXBuildFile; fileRef = 641AEB102A1EC48C00F2CE34 /* Assets.xcassets */; };
		641AEB142A1EC48C00F2CE34 /* Preview Assets.xcassets in Resources */ = {isa = PBXBuildFile; fileRef = 641AEB132A1EC48C00F2CE34 /* Preview Assets.xcassets */; };
		641AEB292A1ED89900F2CE34 /* Components.swift in Sources */ = {isa = PBXBuildFile; fileRef = 641AEB282A1ED89900F2CE34 /* Components.swift */; };
		641AEB2B2A1ED8A700F2CE34 /* Extensions.swift in Sources */ = {isa = PBXBuildFile; fileRef = 641AEB2A2A1ED8A700F2CE34 /* Extensions.swift */; };
		641AEB2D2A1ED8C500F2CE34 /* Entities.swift in Sources */ = {isa = PBXBuildFile; fileRef = 641AEB2C2A1ED8C500F2CE34 /* Entities.swift */; };
		641AEB2F2A1ED8D300F2CE34 /* Enums.swift in Sources */ = {isa = PBXBuildFile; fileRef = 641AEB2E2A1ED8D300F2CE34 /* Enums.swift */; };
		641AEB312A1ED8EA00F2CE34 /* HomeModel.swift in Sources */ = {isa = PBXBuildFile; fileRef = 641AEB302A1ED8EA00F2CE34 /* HomeModel.swift */; };
		641AEB332A1ED8FC00F2CE34 /* HomeView.swift in Sources */ = {isa = PBXBuildFile; fileRef = 641AEB322A1ED8FC00F2CE34 /* HomeView.swift */; };
		641AEB352A1ED90900F2CE34 /* HomeViewModel.swift in Sources */ = {isa = PBXBuildFile; fileRef = 641AEB342A1ED90900F2CE34 /* HomeViewModel.swift */; };
		646834302A26C9F4004A782D /* Specie.swift in Sources */ = {isa = PBXBuildFile; fileRef = 6468342F2A26C9F4004A782D /* Specie.swift */; };
		64990CA32A26C93B0089E440 /* Gender.swift in Sources */ = {isa = PBXBuildFile; fileRef = 64990CA22A26C93B0089E440 /* Gender.swift */; };
		64990CA52A26CA570089E440 /* Breed.swift in Sources */ = {isa = PBXBuildFile; fileRef = 64990CA42A26CA570089E440 /* Breed.swift */; };
		A393B5C82A300097006FA0F1 /* HomeTabView.swift in Sources */ = {isa = PBXBuildFile; fileRef = A393B5C72A300097006FA0F1 /* HomeTabView.swift */; };
		DF5C02282A22C67900E9898E /* Poppins-ExtraLight.ttf in Resources */ = {isa = PBXBuildFile; fileRef = DF5C02152A22C67900E9898E /* Poppins-ExtraLight.ttf */; };
		DF5C02292A22C67900E9898E /* Poppins-ThinItalic.ttf in Resources */ = {isa = PBXBuildFile; fileRef = DF5C02162A22C67900E9898E /* Poppins-ThinItalic.ttf */; };
		DF5C022A2A22C67900E9898E /* Poppins-ExtraLightItalic.ttf in Resources */ = {isa = PBXBuildFile; fileRef = DF5C02172A22C67900E9898E /* Poppins-ExtraLightItalic.ttf */; };
		DF5C022B2A22C67900E9898E /* Poppins-BoldItalic.ttf in Resources */ = {isa = PBXBuildFile; fileRef = DF5C02182A22C67900E9898E /* Poppins-BoldItalic.ttf */; };
		DF5C022C2A22C67900E9898E /* Poppins-Light.ttf in Resources */ = {isa = PBXBuildFile; fileRef = DF5C02192A22C67900E9898E /* Poppins-Light.ttf */; };
		DF5C022D2A22C67900E9898E /* Poppins-Medium.ttf in Resources */ = {isa = PBXBuildFile; fileRef = DF5C021A2A22C67900E9898E /* Poppins-Medium.ttf */; };
		DF5C022E2A22C67900E9898E /* Poppins-SemiBoldItalic.ttf in Resources */ = {isa = PBXBuildFile; fileRef = DF5C021B2A22C67900E9898E /* Poppins-SemiBoldItalic.ttf */; };
		DF5C022F2A22C67900E9898E /* Poppins-ExtraBoldItalic.ttf in Resources */ = {isa = PBXBuildFile; fileRef = DF5C021C2A22C67900E9898E /* Poppins-ExtraBoldItalic.ttf */; };
		DF5C02302A22C67900E9898E /* Poppins-ExtraBold.ttf in Resources */ = {isa = PBXBuildFile; fileRef = DF5C021D2A22C67900E9898E /* Poppins-ExtraBold.ttf */; };
		DF5C02312A22C67900E9898E /* Poppins-BlackItalic.ttf in Resources */ = {isa = PBXBuildFile; fileRef = DF5C021E2A22C67900E9898E /* Poppins-BlackItalic.ttf */; };
		DF5C02322A22C67900E9898E /* OFL.txt in Resources */ = {isa = PBXBuildFile; fileRef = DF5C021F2A22C67900E9898E /* OFL.txt */; };
		DF5C02332A22C67900E9898E /* Poppins-Regular.ttf in Resources */ = {isa = PBXBuildFile; fileRef = DF5C02202A22C67900E9898E /* Poppins-Regular.ttf */; };
		DF5C02342A22C67900E9898E /* Poppins-LightItalic.ttf in Resources */ = {isa = PBXBuildFile; fileRef = DF5C02212A22C67900E9898E /* Poppins-LightItalic.ttf */; };
		DF5C02352A22C67900E9898E /* Poppins-Bold.ttf in Resources */ = {isa = PBXBuildFile; fileRef = DF5C02222A22C67900E9898E /* Poppins-Bold.ttf */; };
		DF5C02362A22C67900E9898E /* Poppins-Black.ttf in Resources */ = {isa = PBXBuildFile; fileRef = DF5C02232A22C67900E9898E /* Poppins-Black.ttf */; };
		DF5C02372A22C67900E9898E /* Poppins-Thin.ttf in Resources */ = {isa = PBXBuildFile; fileRef = DF5C02242A22C67900E9898E /* Poppins-Thin.ttf */; };
		DF5C02382A22C67900E9898E /* Poppins-SemiBold.ttf in Resources */ = {isa = PBXBuildFile; fileRef = DF5C02252A22C67900E9898E /* Poppins-SemiBold.ttf */; };
		DF5C02392A22C67900E9898E /* Poppins-Italic.ttf in Resources */ = {isa = PBXBuildFile; fileRef = DF5C02262A22C67900E9898E /* Poppins-Italic.ttf */; };
		DF5C023A2A22C67900E9898E /* Poppins-MediumItalic.ttf in Resources */ = {isa = PBXBuildFile; fileRef = DF5C02272A22C67900E9898E /* Poppins-MediumItalic.ttf */; };
		DF5C023D2A22C86900E9898E /* Constants.swift in Sources */ = {isa = PBXBuildFile; fileRef = DF5C023C2A22C86900E9898E /* Constants.swift */; };
/* End PBXBuildFile section */

/* Begin PBXFileReference section */
		640189BF2A29543000813E20 /* Pet.swift */ = {isa = PBXFileReference; lastKnownFileType = sourcecode.swift; path = Pet.swift; sourceTree = "<group>"; };
		640920CF2A2008FE0090A364 /* CardPetComponent.swift */ = {isa = PBXFileReference; lastKnownFileType = sourcecode.swift; name = CardPetComponent.swift; path = "loveMyPet/Preview Content/Preview Assets.xcassets/CardPetComponent.swift"; sourceTree = SOURCE_ROOT; };
		641AEB092A1EC48C00F2CE34 /* loveMyPet.app */ = {isa = PBXFileReference; explicitFileType = wrapper.application; includeInIndex = 0; path = loveMyPet.app; sourceTree = BUILT_PRODUCTS_DIR; };
		641AEB0C2A1EC48C00F2CE34 /* loveMyPetApp.swift */ = {isa = PBXFileReference; lastKnownFileType = sourcecode.swift; path = loveMyPetApp.swift; sourceTree = "<group>"; };
		641AEB102A1EC48C00F2CE34 /* Assets.xcassets */ = {isa = PBXFileReference; lastKnownFileType = folder.assetcatalog; path = Assets.xcassets; sourceTree = "<group>"; };
		641AEB132A1EC48C00F2CE34 /* Preview Assets.xcassets */ = {isa = PBXFileReference; lastKnownFileType = folder.assetcatalog; path = "Preview Assets.xcassets"; sourceTree = "<group>"; };
		641AEB282A1ED89900F2CE34 /* Components.swift */ = {isa = PBXFileReference; lastKnownFileType = sourcecode.swift; path = Components.swift; sourceTree = "<group>"; };
		641AEB2A2A1ED8A700F2CE34 /* Extensions.swift */ = {isa = PBXFileReference; lastKnownFileType = sourcecode.swift; path = Extensions.swift; sourceTree = "<group>"; };
		641AEB2C2A1ED8C500F2CE34 /* Entities.swift */ = {isa = PBXFileReference; lastKnownFileType = sourcecode.swift; path = Entities.swift; sourceTree = "<group>"; };
		641AEB2E2A1ED8D300F2CE34 /* Enums.swift */ = {isa = PBXFileReference; lastKnownFileType = sourcecode.swift; path = Enums.swift; sourceTree = "<group>"; };
		641AEB302A1ED8EA00F2CE34 /* HomeModel.swift */ = {isa = PBXFileReference; lastKnownFileType = sourcecode.swift; path = HomeModel.swift; sourceTree = "<group>"; };
		641AEB322A1ED8FC00F2CE34 /* HomeView.swift */ = {isa = PBXFileReference; lastKnownFileType = sourcecode.swift; path = HomeView.swift; sourceTree = "<group>"; };
		641AEB342A1ED90900F2CE34 /* HomeViewModel.swift */ = {isa = PBXFileReference; lastKnownFileType = sourcecode.swift; path = HomeViewModel.swift; sourceTree = "<group>"; };
		6468342F2A26C9F4004A782D /* Specie.swift */ = {isa = PBXFileReference; lastKnownFileType = sourcecode.swift; path = Specie.swift; sourceTree = "<group>"; };
		64990CA22A26C93B0089E440 /* Gender.swift */ = {isa = PBXFileReference; lastKnownFileType = sourcecode.swift; path = Gender.swift; sourceTree = "<group>"; };
		64990CA42A26CA570089E440 /* Breed.swift */ = {isa = PBXFileReference; lastKnownFileType = sourcecode.swift; path = Breed.swift; sourceTree = "<group>"; };
		A393B5C72A300097006FA0F1 /* HomeTabView.swift */ = {isa = PBXFileReference; lastKnownFileType = sourcecode.swift; path = HomeTabView.swift; sourceTree = "<group>"; };
		DF5C02152A22C67900E9898E /* Poppins-ExtraLight.ttf */ = {isa = PBXFileReference; lastKnownFileType = file; path = "Poppins-ExtraLight.ttf"; sourceTree = "<group>"; };
		DF5C02162A22C67900E9898E /* Poppins-ThinItalic.ttf */ = {isa = PBXFileReference; lastKnownFileType = file; path = "Poppins-ThinItalic.ttf"; sourceTree = "<group>"; };
		DF5C02172A22C67900E9898E /* Poppins-ExtraLightItalic.ttf */ = {isa = PBXFileReference; lastKnownFileType = file; path = "Poppins-ExtraLightItalic.ttf"; sourceTree = "<group>"; };
		DF5C02182A22C67900E9898E /* Poppins-BoldItalic.ttf */ = {isa = PBXFileReference; lastKnownFileType = file; path = "Poppins-BoldItalic.ttf"; sourceTree = "<group>"; };
		DF5C02192A22C67900E9898E /* Poppins-Light.ttf */ = {isa = PBXFileReference; lastKnownFileType = file; path = "Poppins-Light.ttf"; sourceTree = "<group>"; };
		DF5C021A2A22C67900E9898E /* Poppins-Medium.ttf */ = {isa = PBXFileReference; lastKnownFileType = file; path = "Poppins-Medium.ttf"; sourceTree = "<group>"; };
		DF5C021B2A22C67900E9898E /* Poppins-SemiBoldItalic.ttf */ = {isa = PBXFileReference; lastKnownFileType = file; path = "Poppins-SemiBoldItalic.ttf"; sourceTree = "<group>"; };
		DF5C021C2A22C67900E9898E /* Poppins-ExtraBoldItalic.ttf */ = {isa = PBXFileReference; lastKnownFileType = file; path = "Poppins-ExtraBoldItalic.ttf"; sourceTree = "<group>"; };
		DF5C021D2A22C67900E9898E /* Poppins-ExtraBold.ttf */ = {isa = PBXFileReference; lastKnownFileType = file; path = "Poppins-ExtraBold.ttf"; sourceTree = "<group>"; };
		DF5C021E2A22C67900E9898E /* Poppins-BlackItalic.ttf */ = {isa = PBXFileReference; lastKnownFileType = file; path = "Poppins-BlackItalic.ttf"; sourceTree = "<group>"; };
		DF5C021F2A22C67900E9898E /* OFL.txt */ = {isa = PBXFileReference; fileEncoding = 4; lastKnownFileType = text; path = OFL.txt; sourceTree = "<group>"; };
		DF5C02202A22C67900E9898E /* Poppins-Regular.ttf */ = {isa = PBXFileReference; lastKnownFileType = file; path = "Poppins-Regular.ttf"; sourceTree = "<group>"; };
		DF5C02212A22C67900E9898E /* Poppins-LightItalic.ttf */ = {isa = PBXFileReference; lastKnownFileType = file; path = "Poppins-LightItalic.ttf"; sourceTree = "<group>"; };
		DF5C02222A22C67900E9898E /* Poppins-Bold.ttf */ = {isa = PBXFileReference; lastKnownFileType = file; path = "Poppins-Bold.ttf"; sourceTree = "<group>"; };
		DF5C02232A22C67900E9898E /* Poppins-Black.ttf */ = {isa = PBXFileReference; lastKnownFileType = file; path = "Poppins-Black.ttf"; sourceTree = "<group>"; };
		DF5C02242A22C67900E9898E /* Poppins-Thin.ttf */ = {isa = PBXFileReference; lastKnownFileType = file; path = "Poppins-Thin.ttf"; sourceTree = "<group>"; };
		DF5C02252A22C67900E9898E /* Poppins-SemiBold.ttf */ = {isa = PBXFileReference; lastKnownFileType = file; path = "Poppins-SemiBold.ttf"; sourceTree = "<group>"; };
		DF5C02262A22C67900E9898E /* Poppins-Italic.ttf */ = {isa = PBXFileReference; lastKnownFileType = file; path = "Poppins-Italic.ttf"; sourceTree = "<group>"; };
		DF5C02272A22C67900E9898E /* Poppins-MediumItalic.ttf */ = {isa = PBXFileReference; lastKnownFileType = file; path = "Poppins-MediumItalic.ttf"; sourceTree = "<group>"; };
		DF5C023B2A22C6AF00E9898E /* Info.plist */ = {isa = PBXFileReference; lastKnownFileType = text.plist; path = Info.plist; sourceTree = "<group>"; };
		DF5C023C2A22C86900E9898E /* Constants.swift */ = {isa = PBXFileReference; lastKnownFileType = sourcecode.swift; path = Constants.swift; sourceTree = "<group>"; };
/* End PBXFileReference section */

/* Begin PBXFrameworksBuildPhase section */
		641AEB062A1EC48C00F2CE34 /* Frameworks */ = {
			isa = PBXFrameworksBuildPhase;
			buildActionMask = 2147483647;
			files = (
			);
			runOnlyForDeploymentPostprocessing = 0;
		};
/* End PBXFrameworksBuildPhase section */

/* Begin PBXGroup section */
		641AEB002A1EC48C00F2CE34 = {
			isa = PBXGroup;
			children = (
				641AEB0B2A1EC48C00F2CE34 /* loveMyPet */,
				641AEB0A2A1EC48C00F2CE34 /* Products */,
			);
			sourceTree = "<group>";
		};
		641AEB0A2A1EC48C00F2CE34 /* Products */ = {
			isa = PBXGroup;
			children = (
				641AEB092A1EC48C00F2CE34 /* loveMyPet.app */,
			);
			name = Products;
			sourceTree = "<group>";
		};
		641AEB0B2A1EC48C00F2CE34 /* loveMyPet */ = {
			isa = PBXGroup;
			children = (
				DF5C023B2A22C6AF00E9898E /* Info.plist */,
				641AEB272A1ED05100F2CE34 /* App */,
				641AEB1A2A1EC93000F2CE34 /* Resources */,
				641AEB1B2A1EC94900F2CE34 /* Common */,
				641AEB1C2A1ECAE800F2CE34 /* Modules */,
				641AEB122A1EC48C00F2CE34 /* Preview Content */,
			);
			path = loveMyPet;
			sourceTree = "<group>";
		};
		641AEB122A1EC48C00F2CE34 /* Preview Content */ = {
			isa = PBXGroup;
			children = (
				641AEB132A1EC48C00F2CE34 /* Preview Assets.xcassets */,
			);
			path = "Preview Content";
			sourceTree = "<group>";
		};
		641AEB1A2A1EC93000F2CE34 /* Resources */ = {
			isa = PBXGroup;
			children = (
				DF5C02132A22C66000E9898E /* Font */,
				641AEB102A1EC48C00F2CE34 /* Assets.xcassets */,
			);
			path = Resources;
			sourceTree = "<group>";
		};
		641AEB1B2A1EC94900F2CE34 /* Common */ = {
			isa = PBXGroup;
			children = (
				641AEB222A1ECF1D00F2CE34 /* Components */,
				641AEB212A1ECE9B00F2CE34 /* Extensions */,
				641AEB202A1ECDF800F2CE34 /* Entities */,
				641AEB1F2A1ECDED00F2CE34 /* Enums */,
			);
			path = Common;
			sourceTree = "<group>";
		};
		641AEB1C2A1ECAE800F2CE34 /* Modules */ = {
			isa = PBXGroup;
			children = (
				641AEB232A1ED01C00F2CE34 /* Home */,
			);
			path = Modules;
			sourceTree = "<group>";
		};
		641AEB1F2A1ECDED00F2CE34 /* Enums */ = {
			isa = PBXGroup;
			children = (
				641AEB2E2A1ED8D300F2CE34 /* Enums.swift */,
				DF5C023C2A22C86900E9898E /* Constants.swift */,
			);
			path = Enums;
			sourceTree = "<group>";
		};
		641AEB202A1ECDF800F2CE34 /* Entities */ = {
			isa = PBXGroup;
			children = (
				641AEB2C2A1ED8C500F2CE34 /* Entities.swift */,
				64990CA42A26CA570089E440 /* Breed.swift */,
				64990CA22A26C93B0089E440 /* Gender.swift */,
				6468342F2A26C9F4004A782D /* Specie.swift */,
				640189BF2A29543000813E20 /* Pet.swift */,
			);
			path = Entities;
			sourceTree = "<group>";
		};
		641AEB212A1ECE9B00F2CE34 /* Extensions */ = {
			isa = PBXGroup;
			children = (
				641AEB2A2A1ED8A700F2CE34 /* Extensions.swift */,
			);
			path = Extensions;
			sourceTree = "<group>";
		};
		641AEB222A1ECF1D00F2CE34 /* Components */ = {
			isa = PBXGroup;
			children = (
				641AEB282A1ED89900F2CE34 /* Components.swift */,
				640920CF2A2008FE0090A364 /* CardPetComponent.swift */,
				A393B5C72A300097006FA0F1 /* HomeTabView.swift */,
			);
			path = Components;
			sourceTree = "<group>";
		};
		641AEB232A1ED01C00F2CE34 /* Home */ = {
			isa = PBXGroup;
			children = (
				641AEB242A1ED02600F2CE34 /* Model */,
				641AEB262A1ED03500F2CE34 /* View */,
				641AEB252A1ED02D00F2CE34 /* ViewModel */,
			);
			path = Home;
			sourceTree = "<group>";
		};
		641AEB242A1ED02600F2CE34 /* Model */ = {
			isa = PBXGroup;
			children = (
				641AEB302A1ED8EA00F2CE34 /* HomeModel.swift */,
			);
			path = Model;
			sourceTree = "<group>";
		};
		641AEB252A1ED02D00F2CE34 /* ViewModel */ = {
			isa = PBXGroup;
			children = (
				641AEB342A1ED90900F2CE34 /* HomeViewModel.swift */,
			);
			path = ViewModel;
			sourceTree = "<group>";
		};
		641AEB262A1ED03500F2CE34 /* View */ = {
			isa = PBXGroup;
			children = (
				641AEB322A1ED8FC00F2CE34 /* HomeView.swift */,
			);
			path = View;
			sourceTree = "<group>";
		};
		641AEB272A1ED05100F2CE34 /* App */ = {
			isa = PBXGroup;
			children = (
				641AEB0C2A1EC48C00F2CE34 /* loveMyPetApp.swift */,
			);
			path = App;
			sourceTree = "<group>";
		};
		DF5C02132A22C66000E9898E /* Font */ = {
			isa = PBXGroup;
			children = (
				DF5C02142A22C67900E9898E /* Poppins */,
			);
			path = Font;
			sourceTree = "<group>";
		};
		DF5C02142A22C67900E9898E /* Poppins */ = {
			isa = PBXGroup;
			children = (
				DF5C02152A22C67900E9898E /* Poppins-ExtraLight.ttf */,
				DF5C02162A22C67900E9898E /* Poppins-ThinItalic.ttf */,
				DF5C02172A22C67900E9898E /* Poppins-ExtraLightItalic.ttf */,
				DF5C02182A22C67900E9898E /* Poppins-BoldItalic.ttf */,
				DF5C02192A22C67900E9898E /* Poppins-Light.ttf */,
				DF5C021A2A22C67900E9898E /* Poppins-Medium.ttf */,
				DF5C021B2A22C67900E9898E /* Poppins-SemiBoldItalic.ttf */,
				DF5C021C2A22C67900E9898E /* Poppins-ExtraBoldItalic.ttf */,
				DF5C021D2A22C67900E9898E /* Poppins-ExtraBold.ttf */,
				DF5C021E2A22C67900E9898E /* Poppins-BlackItalic.ttf */,
				DF5C021F2A22C67900E9898E /* OFL.txt */,
				DF5C02202A22C67900E9898E /* Poppins-Regular.ttf */,
				DF5C02212A22C67900E9898E /* Poppins-LightItalic.ttf */,
				DF5C02222A22C67900E9898E /* Poppins-Bold.ttf */,
				DF5C02232A22C67900E9898E /* Poppins-Black.ttf */,
				DF5C02242A22C67900E9898E /* Poppins-Thin.ttf */,
				DF5C02252A22C67900E9898E /* Poppins-SemiBold.ttf */,
				DF5C02262A22C67900E9898E /* Poppins-Italic.ttf */,
				DF5C02272A22C67900E9898E /* Poppins-MediumItalic.ttf */,
			);
			path = Poppins;
			sourceTree = "<group>";
		};
/* End PBXGroup section */

/* Begin PBXNativeTarget section */
		641AEB082A1EC48C00F2CE34 /* loveMyPet */ = {
			isa = PBXNativeTarget;
			buildConfigurationList = 641AEB172A1EC48C00F2CE34 /* Build configuration list for PBXNativeTarget "loveMyPet" */;
			buildPhases = (
				641AEB052A1EC48C00F2CE34 /* Sources */,
				641AEB062A1EC48C00F2CE34 /* Frameworks */,
				641AEB072A1EC48C00F2CE34 /* Resources */,
			);
			buildRules = (
			);
			dependencies = (
			);
			name = loveMyPet;
			productName = loveMyPet;
			productReference = 641AEB092A1EC48C00F2CE34 /* loveMyPet.app */;
			productType = "com.apple.product-type.application";
		};
/* End PBXNativeTarget section */

/* Begin PBXProject section */
		641AEB012A1EC48C00F2CE34 /* Project object */ = {
			isa = PBXProject;
			attributes = {
				BuildIndependentTargetsInParallel = 1;
				LastSwiftUpdateCheck = 1430;
				LastUpgradeCheck = 1430;
				TargetAttributes = {
					641AEB082A1EC48C00F2CE34 = {
						CreatedOnToolsVersion = 14.3;
					};
				};
			};
			buildConfigurationList = 641AEB042A1EC48C00F2CE34 /* Build configuration list for PBXProject "loveMyPet" */;
			compatibilityVersion = "Xcode 14.0";
			developmentRegion = en;
			hasScannedForEncodings = 0;
			knownRegions = (
				en,
				Base,
			);
			mainGroup = 641AEB002A1EC48C00F2CE34;
			productRefGroup = 641AEB0A2A1EC48C00F2CE34 /* Products */;
			projectDirPath = "";
			projectRoot = "";
			targets = (
				641AEB082A1EC48C00F2CE34 /* loveMyPet */,
			);
		};
/* End PBXProject section */

/* Begin PBXResourcesBuildPhase section */
		641AEB072A1EC48C00F2CE34 /* Resources */ = {
			isa = PBXResourcesBuildPhase;
			buildActionMask = 2147483647;
			files = (
				DF5C022C2A22C67900E9898E /* Poppins-Light.ttf in Resources */,
				DF5C02362A22C67900E9898E /* Poppins-Black.ttf in Resources */,
				DF5C02342A22C67900E9898E /* Poppins-LightItalic.ttf in Resources */,
				DF5C02372A22C67900E9898E /* Poppins-Thin.ttf in Resources */,
				DF5C02282A22C67900E9898E /* Poppins-ExtraLight.ttf in Resources */,
				DF5C02382A22C67900E9898E /* Poppins-SemiBold.ttf in Resources */,
				DF5C02352A22C67900E9898E /* Poppins-Bold.ttf in Resources */,
				DF5C02292A22C67900E9898E /* Poppins-ThinItalic.ttf in Resources */,
				DF5C022A2A22C67900E9898E /* Poppins-ExtraLightItalic.ttf in Resources */,
				DF5C02312A22C67900E9898E /* Poppins-BlackItalic.ttf in Resources */,
				DF5C022F2A22C67900E9898E /* Poppins-ExtraBoldItalic.ttf in Resources */,
				DF5C022B2A22C67900E9898E /* Poppins-BoldItalic.ttf in Resources */,
				DF5C022E2A22C67900E9898E /* Poppins-SemiBoldItalic.ttf in Resources */,
				DF5C02322A22C67900E9898E /* OFL.txt in Resources */,
				DF5C02332A22C67900E9898E /* Poppins-Regular.ttf in Resources */,
				DF5C02302A22C67900E9898E /* Poppins-ExtraBold.ttf in Resources */,
				DF5C022D2A22C67900E9898E /* Poppins-Medium.ttf in Resources */,
				641AEB142A1EC48C00F2CE34 /* Preview Assets.xcassets in Resources */,
				DF5C02392A22C67900E9898E /* Poppins-Italic.ttf in Resources */,
				DF5C023A2A22C67900E9898E /* Poppins-MediumItalic.ttf in Resources */,
				641AEB112A1EC48C00F2CE34 /* Assets.xcassets in Resources */,
			);
			runOnlyForDeploymentPostprocessing = 0;
		};
/* End PBXResourcesBuildPhase section */

/* Begin PBXSourcesBuildPhase section */
		641AEB052A1EC48C00F2CE34 /* Sources */ = {
			isa = PBXSourcesBuildPhase;
			buildActionMask = 2147483647;
			files = (
				640189C02A29543000813E20 /* Pet.swift in Sources */,
				641AEB2D2A1ED8C500F2CE34 /* Entities.swift in Sources */,
				64990CA32A26C93B0089E440 /* Gender.swift in Sources */,
				641AEB352A1ED90900F2CE34 /* HomeViewModel.swift in Sources */,
				641AEB292A1ED89900F2CE34 /* Components.swift in Sources */,
				641AEB312A1ED8EA00F2CE34 /* HomeModel.swift in Sources */,
				641AEB0D2A1EC48C00F2CE34 /* loveMyPetApp.swift in Sources */,
				640920D02A2008FE0090A364 /* CardPetComponent.swift in Sources */,
				641AEB332A1ED8FC00F2CE34 /* HomeView.swift in Sources */,
				641AEB2F2A1ED8D300F2CE34 /* Enums.swift in Sources */,
				646834302A26C9F4004A782D /* Specie.swift in Sources */,
				DF5C023D2A22C86900E9898E /* Constants.swift in Sources */,
				A393B5C82A300097006FA0F1 /* HomeTabView.swift in Sources */,
				641AEB2B2A1ED8A700F2CE34 /* Extensions.swift in Sources */,
				64990CA52A26CA570089E440 /* Breed.swift in Sources */,
			);
			runOnlyForDeploymentPostprocessing = 0;
		};
/* End PBXSourcesBuildPhase section */

/* Begin XCBuildConfiguration section */
		641AEB152A1EC48C00F2CE34 /* Debug */ = {
			isa = XCBuildConfiguration;
			buildSettings = {
				ALWAYS_SEARCH_USER_PATHS = NO;
				CLANG_ANALYZER_NONNULL = YES;
				CLANG_ANALYZER_NUMBER_OBJECT_CONVERSION = YES_AGGRESSIVE;
				CLANG_CXX_LANGUAGE_STANDARD = "gnu++20";
				CLANG_ENABLE_MODULES = YES;
				CLANG_ENABLE_OBJC_ARC = YES;
				CLANG_ENABLE_OBJC_WEAK = YES;
				CLANG_WARN_BLOCK_CAPTURE_AUTORELEASING = YES;
				CLANG_WARN_BOOL_CONVERSION = YES;
				CLANG_WARN_COMMA = YES;
				CLANG_WARN_CONSTANT_CONVERSION = YES;
				CLANG_WARN_DEPRECATED_OBJC_IMPLEMENTATIONS = YES;
				CLANG_WARN_DIRECT_OBJC_ISA_USAGE = YES_ERROR;
				CLANG_WARN_DOCUMENTATION_COMMENTS = YES;
				CLANG_WARN_EMPTY_BODY = YES;
				CLANG_WARN_ENUM_CONVERSION = YES;
				CLANG_WARN_INFINITE_RECURSION = YES;
				CLANG_WARN_INT_CONVERSION = YES;
				CLANG_WARN_NON_LITERAL_NULL_CONVERSION = YES;
				CLANG_WARN_OBJC_IMPLICIT_RETAIN_SELF = YES;
				CLANG_WARN_OBJC_LITERAL_CONVERSION = YES;
				CLANG_WARN_OBJC_ROOT_CLASS = YES_ERROR;
				CLANG_WARN_QUOTED_INCLUDE_IN_FRAMEWORK_HEADER = YES;
				CLANG_WARN_RANGE_LOOP_ANALYSIS = YES;
				CLANG_WARN_STRICT_PROTOTYPES = YES;
				CLANG_WARN_SUSPICIOUS_MOVE = YES;
				CLANG_WARN_UNGUARDED_AVAILABILITY = YES_AGGRESSIVE;
				CLANG_WARN_UNREACHABLE_CODE = YES;
				CLANG_WARN__DUPLICATE_METHOD_MATCH = YES;
				COPY_PHASE_STRIP = NO;
				DEBUG_INFORMATION_FORMAT = dwarf;
				ENABLE_STRICT_OBJC_MSGSEND = YES;
				ENABLE_TESTABILITY = YES;
				GCC_C_LANGUAGE_STANDARD = gnu11;
				GCC_DYNAMIC_NO_PIC = NO;
				GCC_NO_COMMON_BLOCKS = YES;
				GCC_OPTIMIZATION_LEVEL = 0;
				GCC_PREPROCESSOR_DEFINITIONS = (
					"DEBUG=1",
					"$(inherited)",
				);
				GCC_WARN_64_TO_32_BIT_CONVERSION = YES;
				GCC_WARN_ABOUT_RETURN_TYPE = YES_ERROR;
				GCC_WARN_UNDECLARED_SELECTOR = YES;
				GCC_WARN_UNINITIALIZED_AUTOS = YES_AGGRESSIVE;
				GCC_WARN_UNUSED_FUNCTION = YES;
				GCC_WARN_UNUSED_VARIABLE = YES;
				IPHONEOS_DEPLOYMENT_TARGET = 16.4;
				MTL_ENABLE_DEBUG_INFO = INCLUDE_SOURCE;
				MTL_FAST_MATH = YES;
				ONLY_ACTIVE_ARCH = YES;
				SDKROOT = iphoneos;
				SWIFT_ACTIVE_COMPILATION_CONDITIONS = DEBUG;
				SWIFT_OPTIMIZATION_LEVEL = "-Onone";
			};
			name = Debug;
		};
		641AEB162A1EC48C00F2CE34 /* Release */ = {
			isa = XCBuildConfiguration;
			buildSettings = {
				ALWAYS_SEARCH_USER_PATHS = NO;
				CLANG_ANALYZER_NONNULL = YES;
				CLANG_ANALYZER_NUMBER_OBJECT_CONVERSION = YES_AGGRESSIVE;
				CLANG_CXX_LANGUAGE_STANDARD = "gnu++20";
				CLANG_ENABLE_MODULES = YES;
				CLANG_ENABLE_OBJC_ARC = YES;
				CLANG_ENABLE_OBJC_WEAK = YES;
				CLANG_WARN_BLOCK_CAPTURE_AUTORELEASING = YES;
				CLANG_WARN_BOOL_CONVERSION = YES;
				CLANG_WARN_COMMA = YES;
				CLANG_WARN_CONSTANT_CONVERSION = YES;
				CLANG_WARN_DEPRECATED_OBJC_IMPLEMENTATIONS = YES;
				CLANG_WARN_DIRECT_OBJC_ISA_USAGE = YES_ERROR;
				CLANG_WARN_DOCUMENTATION_COMMENTS = YES;
				CLANG_WARN_EMPTY_BODY = YES;
				CLANG_WARN_ENUM_CONVERSION = YES;
				CLANG_WARN_INFINITE_RECURSION = YES;
				CLANG_WARN_INT_CONVERSION = YES;
				CLANG_WARN_NON_LITERAL_NULL_CONVERSION = YES;
				CLANG_WARN_OBJC_IMPLICIT_RETAIN_SELF = YES;
				CLANG_WARN_OBJC_LITERAL_CONVERSION = YES;
				CLANG_WARN_OBJC_ROOT_CLASS = YES_ERROR;
				CLANG_WARN_QUOTED_INCLUDE_IN_FRAMEWORK_HEADER = YES;
				CLANG_WARN_RANGE_LOOP_ANALYSIS = YES;
				CLANG_WARN_STRICT_PROTOTYPES = YES;
				CLANG_WARN_SUSPICIOUS_MOVE = YES;
				CLANG_WARN_UNGUARDED_AVAILABILITY = YES_AGGRESSIVE;
				CLANG_WARN_UNREACHABLE_CODE = YES;
				CLANG_WARN__DUPLICATE_METHOD_MATCH = YES;
				COPY_PHASE_STRIP = NO;
				DEBUG_INFORMATION_FORMAT = "dwarf-with-dsym";
				ENABLE_NS_ASSERTIONS = NO;
				ENABLE_STRICT_OBJC_MSGSEND = YES;
				GCC_C_LANGUAGE_STANDARD = gnu11;
				GCC_NO_COMMON_BLOCKS = YES;
				GCC_WARN_64_TO_32_BIT_CONVERSION = YES;
				GCC_WARN_ABOUT_RETURN_TYPE = YES_ERROR;
				GCC_WARN_UNDECLARED_SELECTOR = YES;
				GCC_WARN_UNINITIALIZED_AUTOS = YES_AGGRESSIVE;
				GCC_WARN_UNUSED_FUNCTION = YES;
				GCC_WARN_UNUSED_VARIABLE = YES;
				IPHONEOS_DEPLOYMENT_TARGET = 16.4;
				MTL_ENABLE_DEBUG_INFO = NO;
				MTL_FAST_MATH = YES;
				SDKROOT = iphoneos;
				SWIFT_COMPILATION_MODE = wholemodule;
				SWIFT_OPTIMIZATION_LEVEL = "-O";
				VALIDATE_PRODUCT = YES;
			};
			name = Release;
		};
		641AEB182A1EC48C00F2CE34 /* Debug */ = {
			isa = XCBuildConfiguration;
			buildSettings = {
				ASSETCATALOG_COMPILER_APPICON_NAME = AppIcon;
				ASSETCATALOG_COMPILER_GLOBAL_ACCENT_COLOR_NAME = AccentColor;
				CODE_SIGN_STYLE = Automatic;
				CURRENT_PROJECT_VERSION = 1;
				DEVELOPMENT_ASSET_PATHS = "\"loveMyPet/Preview Content\"";
				DEVELOPMENT_TEAM = 2ANN3WL84D;
				ENABLE_PREVIEWS = YES;
				GENERATE_INFOPLIST_FILE = YES;
				INFOPLIST_FILE = loveMyPet/Info.plist;
				INFOPLIST_KEY_UIApplicationSceneManifest_Generation = YES;
				INFOPLIST_KEY_UIApplicationSupportsIndirectInputEvents = YES;
				INFOPLIST_KEY_UILaunchScreen_Generation = YES;
				INFOPLIST_KEY_UISupportedInterfaceOrientations_iPad = "UIInterfaceOrientationPortrait UIInterfaceOrientationPortraitUpsideDown UIInterfaceOrientationLandscapeLeft UIInterfaceOrientationLandscapeRight";
				INFOPLIST_KEY_UISupportedInterfaceOrientations_iPhone = "UIInterfaceOrientationPortrait UIInterfaceOrientationLandscapeLeft UIInterfaceOrientationLandscapeRight";
				IPHONEOS_DEPLOYMENT_TARGET = 16.0;
				LD_RUNPATH_SEARCH_PATHS = (
					"$(inherited)",
					"@executable_path/Frameworks",
				);
				MARKETING_VERSION = 1.0;
				PRODUCT_BUNDLE_IDENTIFIER = dadawdaw.loveMyPet;
				PRODUCT_NAME = "$(TARGET_NAME)";
				SWIFT_EMIT_LOC_STRINGS = YES;
				SWIFT_VERSION = 5.0;
				TARGETED_DEVICE_FAMILY = "1,2";
			};
			name = Debug;
		};
		641AEB192A1EC48C00F2CE34 /* Release */ = {
			isa = XCBuildConfiguration;
			buildSettings = {
				ASSETCATALOG_COMPILER_APPICON_NAME = AppIcon;
				ASSETCATALOG_COMPILER_GLOBAL_ACCENT_COLOR_NAME = AccentColor;
				CODE_SIGN_STYLE = Automatic;
				CURRENT_PROJECT_VERSION = 1;
				DEVELOPMENT_ASSET_PATHS = "\"loveMyPet/Preview Content\"";
				DEVELOPMENT_TEAM = 2ANN3WL84D;
				ENABLE_PREVIEWS = YES;
				GENERATE_INFOPLIST_FILE = YES;
				INFOPLIST_FILE = loveMyPet/Info.plist;
				INFOPLIST_KEY_UIApplicationSceneManifest_Generation = YES;
				INFOPLIST_KEY_UIApplicationSupportsIndirectInputEvents = YES;
				INFOPLIST_KEY_UILaunchScreen_Generation = YES;
				INFOPLIST_KEY_UISupportedInterfaceOrientations_iPad = "UIInterfaceOrientationPortrait UIInterfaceOrientationPortraitUpsideDown UIInterfaceOrientationLandscapeLeft UIInterfaceOrientationLandscapeRight";
				INFOPLIST_KEY_UISupportedInterfaceOrientations_iPhone = "UIInterfaceOrientationPortrait UIInterfaceOrientationLandscapeLeft UIInterfaceOrientationLandscapeRight";
				IPHONEOS_DEPLOYMENT_TARGET = 16.0;
				LD_RUNPATH_SEARCH_PATHS = (
					"$(inherited)",
					"@executable_path/Frameworks",
				);
				MARKETING_VERSION = 1.0;
				PRODUCT_BUNDLE_IDENTIFIER = dadawdaw.loveMyPet;
				PRODUCT_NAME = "$(TARGET_NAME)";
				SWIFT_EMIT_LOC_STRINGS = YES;
				SWIFT_VERSION = 5.0;
				TARGETED_DEVICE_FAMILY = "1,2";
			};
			name = Release;
		};
/* End XCBuildConfiguration section */

/* Begin XCConfigurationList section */
		641AEB042A1EC48C00F2CE34 /* Build configuration list for PBXProject "loveMyPet" */ = {
			isa = XCConfigurationList;
			buildConfigurations = (
				641AEB152A1EC48C00F2CE34 /* Debug */,
				641AEB162A1EC48C00F2CE34 /* Release */,
			);
			defaultConfigurationIsVisible = 0;
			defaultConfigurationName = Release;
		};
		641AEB172A1EC48C00F2CE34 /* Build configuration list for PBXNativeTarget "loveMyPet" */ = {
			isa = XCConfigurationList;
			buildConfigurations = (
				641AEB182A1EC48C00F2CE34 /* Debug */,
				641AEB192A1EC48C00F2CE34 /* Release */,
			);
			defaultConfigurationIsVisible = 0;
			defaultConfigurationName = Release;
		};
/* End XCConfigurationList section */
	};
	rootObject = 641AEB012A1EC48C00F2CE34 /* Project object */;
}
