// !$*UTF8*$!
{
	archiveVersion = 1;
	classes = {
	};
	objectVersion = 56;
	objects = {

/* Begin PBXBuildFile section */
		412D00E92A39216000544B21 /* CustomHomeNavigation.swift in Sources */ = {isa = PBXBuildFile; fileRef = 412D00E82A39216000544B21 /* CustomHomeNavigation.swift */; };
		412D00EB2A392BF000544B21 /* TabContextView.swift in Sources */ = {isa = PBXBuildFile; fileRef = 412D00EA2A392BF000544B21 /* TabContextView.swift */; };
		412D00ED2A393CE000544B21 /* Assets.swift in Sources */ = {isa = PBXBuildFile; fileRef = 412D00EC2A393CE000544B21 /* Assets.swift */; };
		414D59F22A3D32B90058D0E7 /* CustomEditNavigation.swift in Sources */ = {isa = PBXBuildFile; fileRef = 414D59F12A3D32B90058D0E7 /* CustomEditNavigation.swift */; };
		41F894882A314C2600C9AE02 /* ImagePicker.swift in Sources */ = {isa = PBXBuildFile; fileRef = 41F894872A314C2600C9AE02 /* ImagePicker.swift */; };
		41F8948A2A3153FA00C9AE02 /* Gender.swift in Sources */ = {isa = PBXBuildFile; fileRef = 41F894892A3153FA00C9AE02 /* Gender.swift */; };
		41F8948C2A37C43000C9AE02 /* Specie.swift in Sources */ = {isa = PBXBuildFile; fileRef = 41F8948B2A37C43000C9AE02 /* Specie.swift */; };
		4A4E8DB82A3A679B00B5586B /* Helper.swift in Sources */ = {isa = PBXBuildFile; fileRef = 4A4E8DB72A3A679B00B5586B /* Helper.swift */; };
		4A4E8DBB2A3A69B900B5586B /* ConfigViewModel.swift in Sources */ = {isa = PBXBuildFile; fileRef = 4A4E8DBA2A3A69B900B5586B /* ConfigViewModel.swift */; };
		4A54C83F2A3134120049CEC0 /* ColorScheme.swift in Sources */ = {isa = PBXBuildFile; fileRef = 4A54C83E2A3134120049CEC0 /* ColorScheme.swift */; };
		4A56853E2A4E2AFB002E5B4B /* Curiosity.swift in Sources */ = {isa = PBXBuildFile; fileRef = 4A56853D2A4E2AFB002E5B4B /* Curiosity.swift */; };
		4A5685412A4E3237002E5B4B /* Fact.swift in Sources */ = {isa = PBXBuildFile; fileRef = 4A5685402A4E3237002E5B4B /* Fact.swift */; };
		4A5CF9A92A39358300902300 /* ConfigButton.swift in Sources */ = {isa = PBXBuildFile; fileRef = 4A5CF9A82A39358300902300 /* ConfigButton.swift */; };
		4A5F4A1D2A37E31600A8829C /* ConfigView.swift in Sources */ = {isa = PBXBuildFile; fileRef = 4A5F4A1C2A37E31600A8829C /* ConfigView.swift */; };
		4A5F4A202A37EA5500A8829C /* ConfigOptions.swift in Sources */ = {isa = PBXBuildFile; fileRef = 4A5F4A1F2A37EA5500A8829C /* ConfigOptions.swift */; };
		4A8A470A2A4CFE7100F479A0 /* HttpError.swift in Sources */ = {isa = PBXBuildFile; fileRef = 4A8A47092A4CFE7100F479A0 /* HttpError.swift */; };
		640189C02A29543000813E20 /* NewPet.swift in Sources */ = {isa = PBXBuildFile; fileRef = 640189BF2A29543000813E20 /* NewPet.swift */; };
		640189C22A296B0B00813E20 /* AlertMessage.swift in Sources */ = {isa = PBXBuildFile; fileRef = 640189C12A296B0B00813E20 /* AlertMessage.swift */; };
		640920D02A2008FE0090A364 /* CardPet.swift in Sources */ = {isa = PBXBuildFile; fileRef = 640920CF2A2008FE0090A364 /* CardPet.swift */; };
		641AEB0D2A1EC48C00F2CE34 /* loveMyPetApp.swift in Sources */ = {isa = PBXBuildFile; fileRef = 641AEB0C2A1EC48C00F2CE34 /* loveMyPetApp.swift */; };
		641AEB112A1EC48C00F2CE34 /* Assets.xcassets in Resources */ = {isa = PBXBuildFile; fileRef = 641AEB102A1EC48C00F2CE34 /* Assets.xcassets */; };
		641AEB142A1EC48C00F2CE34 /* Preview Assets.xcassets in Resources */ = {isa = PBXBuildFile; fileRef = 641AEB132A1EC48C00F2CE34 /* Preview Assets.xcassets */; };
		641AEB332A1ED8FC00F2CE34 /* HomeView.swift in Sources */ = {isa = PBXBuildFile; fileRef = 641AEB322A1ED8FC00F2CE34 /* HomeView.swift */; };
		645458C32A294317008C4B53 /* PetDetailView.swift in Sources */ = {isa = PBXBuildFile; fileRef = 645458C22A294317008C4B53 /* PetDetailView.swift */; };
		645458C72A29708D008C4B53 /* Fonts.swift in Sources */ = {isa = PBXBuildFile; fileRef = 645458C62A29708D008C4B53 /* Fonts.swift */; };
		A393B5C82A300097006FA0F1 /* CustomTabView.swift in Sources */ = {isa = PBXBuildFile; fileRef = A393B5C72A300097006FA0F1 /* CustomTabView.swift */; };
		B10597FF2A37C98E0029CFE3 /* PetDetailViewModel.swift in Sources */ = {isa = PBXBuildFile; fileRef = B10597FE2A37C98E0029CFE3 /* PetDetailViewModel.swift */; };
		B10598042A37C9F50029CFE3 /* PetData.swift in Sources */ = {isa = PBXBuildFile; fileRef = B10598032A37C9F50029CFE3 /* PetData.swift */; };
		B109C1C02A4225B1008585BE /* loveMyPet.xcdatamodeld in Sources */ = {isa = PBXBuildFile; fileRef = B109C1BE2A4225B1008585BE /* loveMyPet.xcdatamodeld */; };
		B109C1C32A422680008585BE /* Pet+CoreDataClass.swift in Sources */ = {isa = PBXBuildFile; fileRef = B109C1C12A422680008585BE /* Pet+CoreDataClass.swift */; };
		B109C1C42A422680008585BE /* Pet+CoreDataProperties.swift in Sources */ = {isa = PBXBuildFile; fileRef = B109C1C22A422680008585BE /* Pet+CoreDataProperties.swift */; };
		B109C1C82A42270E008585BE /* CoreDataManager.swift in Sources */ = {isa = PBXBuildFile; fileRef = B109C1C72A42270E008585BE /* CoreDataManager.swift */; };
		B1220F932A42DDEB00CFA3C5 /* BirthDatePicker.swift in Sources */ = {isa = PBXBuildFile; fileRef = B1220F922A42DDEB00CFA3C5 /* BirthDatePicker.swift */; };
		B14689FC2A3922760070382B /* Color.swift in Sources */ = {isa = PBXBuildFile; fileRef = B14689FB2A3922760070382B /* Color.swift */; };
		C02F50072A4CE8B3009CB3DF /* TaskView.swift in Sources */ = {isa = PBXBuildFile; fileRef = C02F50062A4CE8B3009CB3DF /* TaskView.swift */; };
		DF36E1C52A239BE900CEE0A9 /* GenderPicker.swift in Sources */ = {isa = PBXBuildFile; fileRef = DF36E1C42A239BE900CEE0A9 /* GenderPicker.swift */; };
		DF36E1C72A239BF900CEE0A9 /* SpeciePicker.swift in Sources */ = {isa = PBXBuildFile; fileRef = DF36E1C62A239BF900CEE0A9 /* SpeciePicker.swift */; };
		DF36E1C92A239C3600CEE0A9 /* BreedPicker.swift in Sources */ = {isa = PBXBuildFile; fileRef = DF36E1C82A239C3600CEE0A9 /* BreedPicker.swift */; };
		DF36E1CC2A239C6700CEE0A9 /* FormRowCell.swift in Sources */ = {isa = PBXBuildFile; fileRef = DF36E1CB2A239C6700CEE0A9 /* FormRowCell.swift */; };
		DF36E1CE2A239F1B00CEE0A9 /* NeuteredPicker.swift in Sources */ = {isa = PBXBuildFile; fileRef = DF36E1CD2A239F1B00CEE0A9 /* NeuteredPicker.swift */; };
		DF36E1D42A23A72A00CEE0A9 /* Neutered.swift in Sources */ = {isa = PBXBuildFile; fileRef = DF36E1D32A23A72A00CEE0A9 /* Neutered.swift */; };
		DF36E1D62A23A74800CEE0A9 /* TypeFormRow.swift in Sources */ = {isa = PBXBuildFile; fileRef = DF36E1D52A23A74800CEE0A9 /* TypeFormRow.swift */; };
		DF36E1D82A23A7DE00CEE0A9 /* WeightPicker.swift in Sources */ = {isa = PBXBuildFile; fileRef = DF36E1D72A23A7DE00CEE0A9 /* WeightPicker.swift */; };
		DF5C02282A22C67900E9898E /* Poppins-ExtraLight.ttf in Resources */ = {isa = PBXBuildFile; fileRef = DF5C02152A22C67900E9898E /* Poppins-ExtraLight.ttf */; };
		DF5C02292A22C67900E9898E /* Poppins-ThinItalic.ttf in Resources */ = {isa = PBXBuildFile; fileRef = DF5C02162A22C67900E9898E /* Poppins-ThinItalic.ttf */; };
		DF5C022A2A22C67900E9898E /* Poppins-ExtraLightItalic.ttf in Resources */ = {isa = PBXBuildFile; fileRef = DF5C02172A22C67900E9898E /* Poppins-ExtraLightItalic.ttf */; };
		DF5C022B2A22C67900E9898E /* Poppins-BoldItalic.ttf in Resources */ = {isa = PBXBuildFile; fileRef = DF5C02182A22C67900E9898E /* Poppins-BoldItalic.ttf */; };
		DF5C022C2A22C67900E9898E /* Poppins-Light.ttf in Resources */ = {isa = PBXBuildFile; fileRef = DF5C02192A22C67900E9898E /* Poppins-Light.ttf */; };
		DF5C022D2A22C67900E9898E /* Poppins-Medium.ttf in Resources */ = {isa = PBXBuildFile; fileRef = DF5C021A2A22C67900E9898E /* Poppins-Medium.ttf */; };
		DF5C022E2A22C67900E9898E /* Poppins-SemiBoldItalic.ttf in Resources */ = {isa = PBXBuildFile; fileRef = DF5C021B2A22C67900E9898E /* Poppins-SemiBoldItalic.ttf */; };
		DF5C022F2A22C67900E9898E /* Poppins-ExtraBoldItalic.ttf in Resources */ = {isa = PBXBuildFile; fileRef = DF5C021C2A22C67900E9898E /* Poppins-ExtraBoldItalic.ttf */; };
		DF5C02302A22C67900E9898E /* Poppins-ExtraBold.ttf in Resources */ = {isa = PBXBuildFile; fileRef = DF5C021D2A22C67900E9898E /* Poppins-ExtraBold.ttf */; };
		DF5C02312A22C67900E9898E /* Poppins-BlackItalic.ttf in Resources */ = {isa = PBXBuildFile; fileRef = DF5C021E2A22C67900E9898E /* Poppins-BlackItalic.ttf */; };
		DF5C02322A22C67900E9898E /* OFL.txt in Resources */ = {isa = PBXBuildFile; fileRef = DF5C021F2A22C67900E9898E /* OFL.txt */; };
		DF5C02332A22C67900E9898E /* Poppins-Regular.ttf in Resources */ = {isa = PBXBuildFile; fileRef = DF5C02202A22C67900E9898E /* Poppins-Regular.ttf */; };
		DF5C02342A22C67900E9898E /* Poppins-LightItalic.ttf in Resources */ = {isa = PBXBuildFile; fileRef = DF5C02212A22C67900E9898E /* Poppins-LightItalic.ttf */; };
		DF5C02352A22C67900E9898E /* Poppins-Bold.ttf in Resources */ = {isa = PBXBuildFile; fileRef = DF5C02222A22C67900E9898E /* Poppins-Bold.ttf */; };
		DF5C02362A22C67900E9898E /* Poppins-Black.ttf in Resources */ = {isa = PBXBuildFile; fileRef = DF5C02232A22C67900E9898E /* Poppins-Black.ttf */; };
		DF5C02372A22C67900E9898E /* Poppins-Thin.ttf in Resources */ = {isa = PBXBuildFile; fileRef = DF5C02242A22C67900E9898E /* Poppins-Thin.ttf */; };
		DF5C02382A22C67900E9898E /* Poppins-SemiBold.ttf in Resources */ = {isa = PBXBuildFile; fileRef = DF5C02252A22C67900E9898E /* Poppins-SemiBold.ttf */; };
		DF5C02392A22C67900E9898E /* Poppins-Italic.ttf in Resources */ = {isa = PBXBuildFile; fileRef = DF5C02262A22C67900E9898E /* Poppins-Italic.ttf */; };
		DF5C023A2A22C67900E9898E /* Poppins-MediumItalic.ttf in Resources */ = {isa = PBXBuildFile; fileRef = DF5C02272A22C67900E9898E /* Poppins-MediumItalic.ttf */; };
		DF5C023D2A22C86900E9898E /* Constants.swift in Sources */ = {isa = PBXBuildFile; fileRef = DF5C023C2A22C86900E9898E /* Constants.swift */; };
		DF5C02402A22DBFD00E9898E /* EditPetView.swift in Sources */ = {isa = PBXBuildFile; fileRef = DF5C023F2A22DBFD00E9898E /* EditPetView.swift */; };
		DF5C02422A22DC0E00E9898E /* EditPetViewModel.swift in Sources */ = {isa = PBXBuildFile; fileRef = DF5C02412A22DC0E00E9898E /* EditPetViewModel.swift */; };
		DF64A5282A4236EF00A3138D /* HomeViewModel.swift in Sources */ = {isa = PBXBuildFile; fileRef = DF64A5272A4236EF00A3138D /* HomeViewModel.swift */; };
		DF912F6F2A22DFF000F15799 /* FormView.swift in Sources */ = {isa = PBXBuildFile; fileRef = DF912F6E2A22DFF000F15799 /* FormView.swift */; };
		DFAC1C402A2AE72400966782 /* Animation.swift in Sources */ = {isa = PBXBuildFile; fileRef = DFAC1C3F2A2AE72400966782 /* Animation.swift */; };
		DFAC1C432A2AF26200966782 /* RemovePetButton.swift in Sources */ = {isa = PBXBuildFile; fileRef = DFAC1C422A2AF26200966782 /* RemovePetButton.swift */; };
		DFAC1C452A2AF2A400966782 /* View.swift in Sources */ = {isa = PBXBuildFile; fileRef = DFAC1C442A2AF2A400966782 /* View.swift */; };
/* End PBXBuildFile section */

/* Begin PBXFileReference section */
		412D00E82A39216000544B21 /* CustomHomeNavigation.swift */ = {isa = PBXFileReference; fileEncoding = 4; lastKnownFileType = sourcecode.swift; path = CustomHomeNavigation.swift; sourceTree = "<group>"; };
		412D00EA2A392BF000544B21 /* TabContextView.swift */ = {isa = PBXFileReference; lastKnownFileType = sourcecode.swift; path = TabContextView.swift; sourceTree = "<group>"; };
		412D00EC2A393CE000544B21 /* Assets.swift */ = {isa = PBXFileReference; lastKnownFileType = sourcecode.swift; path = Assets.swift; sourceTree = "<group>"; };
		414D59F12A3D32B90058D0E7 /* CustomEditNavigation.swift */ = {isa = PBXFileReference; lastKnownFileType = sourcecode.swift; path = CustomEditNavigation.swift; sourceTree = "<group>"; };
		41F894872A314C2600C9AE02 /* ImagePicker.swift */ = {isa = PBXFileReference; lastKnownFileType = sourcecode.swift; path = ImagePicker.swift; sourceTree = "<group>"; };
		41F894892A3153FA00C9AE02 /* Gender.swift */ = {isa = PBXFileReference; fileEncoding = 4; lastKnownFileType = sourcecode.swift; path = Gender.swift; sourceTree = "<group>"; };
		41F8948B2A37C43000C9AE02 /* Specie.swift */ = {isa = PBXFileReference; fileEncoding = 4; lastKnownFileType = sourcecode.swift; path = Specie.swift; sourceTree = "<group>"; };
		4A4E8DB72A3A679B00B5586B /* Helper.swift */ = {isa = PBXFileReference; lastKnownFileType = sourcecode.swift; path = Helper.swift; sourceTree = "<group>"; };
		4A4E8DBA2A3A69B900B5586B /* ConfigViewModel.swift */ = {isa = PBXFileReference; lastKnownFileType = sourcecode.swift; path = ConfigViewModel.swift; sourceTree = "<group>"; };
		4A54C83E2A3134120049CEC0 /* ColorScheme.swift */ = {isa = PBXFileReference; lastKnownFileType = sourcecode.swift; path = ColorScheme.swift; sourceTree = "<group>"; };
		4A56853D2A4E2AFB002E5B4B /* Curiosity.swift */ = {isa = PBXFileReference; lastKnownFileType = sourcecode.swift; path = Curiosity.swift; sourceTree = "<group>"; };
		4A5685402A4E3237002E5B4B /* Fact.swift */ = {isa = PBXFileReference; lastKnownFileType = sourcecode.swift; path = Fact.swift; sourceTree = "<group>"; };
		4A5CF9A82A39358300902300 /* ConfigButton.swift */ = {isa = PBXFileReference; lastKnownFileType = sourcecode.swift; path = ConfigButton.swift; sourceTree = "<group>"; };
		4A5F4A1C2A37E31600A8829C /* ConfigView.swift */ = {isa = PBXFileReference; lastKnownFileType = sourcecode.swift; path = ConfigView.swift; sourceTree = "<group>"; };
		4A5F4A1F2A37EA5500A8829C /* ConfigOptions.swift */ = {isa = PBXFileReference; lastKnownFileType = sourcecode.swift; path = ConfigOptions.swift; sourceTree = "<group>"; };
		4A8A47092A4CFE7100F479A0 /* HttpError.swift */ = {isa = PBXFileReference; lastKnownFileType = sourcecode.swift; path = HttpError.swift; sourceTree = "<group>"; };
		640189BF2A29543000813E20 /* NewPet.swift */ = {isa = PBXFileReference; lastKnownFileType = sourcecode.swift; path = NewPet.swift; sourceTree = "<group>"; };
		640189C12A296B0B00813E20 /* AlertMessage.swift */ = {isa = PBXFileReference; lastKnownFileType = sourcecode.swift; path = AlertMessage.swift; sourceTree = "<group>"; };
		640920CF2A2008FE0090A364 /* CardPet.swift */ = {isa = PBXFileReference; lastKnownFileType = sourcecode.swift; name = CardPet.swift; path = "loveMyPet/Preview Content/Preview Assets.xcassets/CardPet.swift"; sourceTree = SOURCE_ROOT; };
		641AEB092A1EC48C00F2CE34 /* loveMyPet.app */ = {isa = PBXFileReference; explicitFileType = wrapper.application; includeInIndex = 0; path = loveMyPet.app; sourceTree = BUILT_PRODUCTS_DIR; };
		641AEB0C2A1EC48C00F2CE34 /* loveMyPetApp.swift */ = {isa = PBXFileReference; lastKnownFileType = sourcecode.swift; path = loveMyPetApp.swift; sourceTree = "<group>"; };
		641AEB102A1EC48C00F2CE34 /* Assets.xcassets */ = {isa = PBXFileReference; lastKnownFileType = folder.assetcatalog; path = Assets.xcassets; sourceTree = "<group>"; };
		641AEB132A1EC48C00F2CE34 /* Preview Assets.xcassets */ = {isa = PBXFileReference; lastKnownFileType = folder.assetcatalog; path = "Preview Assets.xcassets"; sourceTree = "<group>"; };
		641AEB302A1ED8EA00F2CE34 /* HomeModel.swift */ = {isa = PBXFileReference; lastKnownFileType = sourcecode.swift; path = HomeModel.swift; sourceTree = "<group>"; };
		641AEB322A1ED8FC00F2CE34 /* HomeView.swift */ = {isa = PBXFileReference; lastKnownFileType = sourcecode.swift; path = HomeView.swift; sourceTree = "<group>"; };
		641AEB342A1ED90900F2CE34 /* HomeViewModel.swift */ = {isa = PBXFileReference; lastKnownFileType = sourcecode.swift; path = HomeViewModel.swift; sourceTree = "<group>"; };
		645458C22A294317008C4B53 /* PetDetailView.swift */ = {isa = PBXFileReference; lastKnownFileType = sourcecode.swift; path = PetDetailView.swift; sourceTree = "<group>"; };
		645458C62A29708D008C4B53 /* Fonts.swift */ = {isa = PBXFileReference; lastKnownFileType = sourcecode.swift; path = Fonts.swift; sourceTree = "<group>"; };
		6468342F2A26C9F4004A782D /* Specie.swift */ = {isa = PBXFileReference; lastKnownFileType = sourcecode.swift; path = Specie.swift; sourceTree = "<group>"; };
		A393B5C72A300097006FA0F1 /* CustomTabView.swift */ = {isa = PBXFileReference; lastKnownFileType = sourcecode.swift; path = CustomTabView.swift; sourceTree = "<group>"; };
		B10597FE2A37C98E0029CFE3 /* PetDetailViewModel.swift */ = {isa = PBXFileReference; lastKnownFileType = sourcecode.swift; path = PetDetailViewModel.swift; sourceTree = "<group>"; };
		B10598032A37C9F50029CFE3 /* PetData.swift */ = {isa = PBXFileReference; lastKnownFileType = sourcecode.swift; path = PetData.swift; sourceTree = "<group>"; };
		B109C1BF2A4225B1008585BE /* loveMyPet.xcdatamodel */ = {isa = PBXFileReference; lastKnownFileType = wrapper.xcdatamodel; path = loveMyPet.xcdatamodel; sourceTree = "<group>"; };
		B109C1C12A422680008585BE /* Pet+CoreDataClass.swift */ = {isa = PBXFileReference; lastKnownFileType = sourcecode.swift; path = "Pet+CoreDataClass.swift"; sourceTree = "<group>"; };
		B109C1C22A422680008585BE /* Pet+CoreDataProperties.swift */ = {isa = PBXFileReference; lastKnownFileType = sourcecode.swift; path = "Pet+CoreDataProperties.swift"; sourceTree = "<group>"; };
		B109C1C72A42270E008585BE /* CoreDataManager.swift */ = {isa = PBXFileReference; lastKnownFileType = sourcecode.swift; path = CoreDataManager.swift; sourceTree = "<group>"; };
		B1220F922A42DDEB00CFA3C5 /* BirthDatePicker.swift */ = {isa = PBXFileReference; lastKnownFileType = sourcecode.swift; path = BirthDatePicker.swift; sourceTree = "<group>"; };
		B14689FB2A3922760070382B /* Color.swift */ = {isa = PBXFileReference; lastKnownFileType = sourcecode.swift; path = Color.swift; sourceTree = "<group>"; };
		C02F50062A4CE8B3009CB3DF /* TaskView.swift */ = {isa = PBXFileReference; lastKnownFileType = sourcecode.swift; path = TaskView.swift; sourceTree = "<group>"; };
		DF36E1C42A239BE900CEE0A9 /* GenderPicker.swift */ = {isa = PBXFileReference; lastKnownFileType = sourcecode.swift; path = GenderPicker.swift; sourceTree = "<group>"; };
		DF36E1C62A239BF900CEE0A9 /* SpeciePicker.swift */ = {isa = PBXFileReference; lastKnownFileType = sourcecode.swift; path = SpeciePicker.swift; sourceTree = "<group>"; };
		DF36E1C82A239C3600CEE0A9 /* BreedPicker.swift */ = {isa = PBXFileReference; lastKnownFileType = sourcecode.swift; path = BreedPicker.swift; sourceTree = "<group>"; };
		DF36E1CB2A239C6700CEE0A9 /* FormRowCell.swift */ = {isa = PBXFileReference; lastKnownFileType = sourcecode.swift; path = FormRowCell.swift; sourceTree = "<group>"; };
		DF36E1CD2A239F1B00CEE0A9 /* NeuteredPicker.swift */ = {isa = PBXFileReference; lastKnownFileType = sourcecode.swift; path = NeuteredPicker.swift; sourceTree = "<group>"; };
		DF36E1D32A23A72A00CEE0A9 /* Neutered.swift */ = {isa = PBXFileReference; lastKnownFileType = sourcecode.swift; path = Neutered.swift; sourceTree = "<group>"; };
		DF36E1D52A23A74800CEE0A9 /* TypeFormRow.swift */ = {isa = PBXFileReference; lastKnownFileType = sourcecode.swift; path = TypeFormRow.swift; sourceTree = "<group>"; };
		DF36E1D72A23A7DE00CEE0A9 /* WeightPicker.swift */ = {isa = PBXFileReference; lastKnownFileType = sourcecode.swift; path = WeightPicker.swift; sourceTree = "<group>"; };
		DF5C02152A22C67900E9898E /* Poppins-ExtraLight.ttf */ = {isa = PBXFileReference; lastKnownFileType = file; path = "Poppins-ExtraLight.ttf"; sourceTree = "<group>"; };
		DF5C02162A22C67900E9898E /* Poppins-ThinItalic.ttf */ = {isa = PBXFileReference; lastKnownFileType = file; path = "Poppins-ThinItalic.ttf"; sourceTree = "<group>"; };
		DF5C02172A22C67900E9898E /* Poppins-ExtraLightItalic.ttf */ = {isa = PBXFileReference; lastKnownFileType = file; path = "Poppins-ExtraLightItalic.ttf"; sourceTree = "<group>"; };
		DF5C02182A22C67900E9898E /* Poppins-BoldItalic.ttf */ = {isa = PBXFileReference; lastKnownFileType = file; path = "Poppins-BoldItalic.ttf"; sourceTree = "<group>"; };
		DF5C02192A22C67900E9898E /* Poppins-Light.ttf */ = {isa = PBXFileReference; lastKnownFileType = file; path = "Poppins-Light.ttf"; sourceTree = "<group>"; };
		DF5C021A2A22C67900E9898E /* Poppins-Medium.ttf */ = {isa = PBXFileReference; lastKnownFileType = file; path = "Poppins-Medium.ttf"; sourceTree = "<group>"; };
		DF5C021B2A22C67900E9898E /* Poppins-SemiBoldItalic.ttf */ = {isa = PBXFileReference; lastKnownFileType = file; path = "Poppins-SemiBoldItalic.ttf"; sourceTree = "<group>"; };
		DF5C021C2A22C67900E9898E /* Poppins-ExtraBoldItalic.ttf */ = {isa = PBXFileReference; lastKnownFileType = file; path = "Poppins-ExtraBoldItalic.ttf"; sourceTree = "<group>"; };
		DF5C021D2A22C67900E9898E /* Poppins-ExtraBold.ttf */ = {isa = PBXFileReference; lastKnownFileType = file; path = "Poppins-ExtraBold.ttf"; sourceTree = "<group>"; };
		DF5C021E2A22C67900E9898E /* Poppins-BlackItalic.ttf */ = {isa = PBXFileReference; lastKnownFileType = file; path = "Poppins-BlackItalic.ttf"; sourceTree = "<group>"; };
		DF5C021F2A22C67900E9898E /* OFL.txt */ = {isa = PBXFileReference; fileEncoding = 4; lastKnownFileType = text; path = OFL.txt; sourceTree = "<group>"; };
		DF5C02202A22C67900E9898E /* Poppins-Regular.ttf */ = {isa = PBXFileReference; lastKnownFileType = file; path = "Poppins-Regular.ttf"; sourceTree = "<group>"; };
		DF5C02212A22C67900E9898E /* Poppins-LightItalic.ttf */ = {isa = PBXFileReference; lastKnownFileType = file; path = "Poppins-LightItalic.ttf"; sourceTree = "<group>"; };
		DF5C02222A22C67900E9898E /* Poppins-Bold.ttf */ = {isa = PBXFileReference; lastKnownFileType = file; path = "Poppins-Bold.ttf"; sourceTree = "<group>"; };
		DF5C02232A22C67900E9898E /* Poppins-Black.ttf */ = {isa = PBXFileReference; lastKnownFileType = file; path = "Poppins-Black.ttf"; sourceTree = "<group>"; };
		DF5C02242A22C67900E9898E /* Poppins-Thin.ttf */ = {isa = PBXFileReference; lastKnownFileType = file; path = "Poppins-Thin.ttf"; sourceTree = "<group>"; };
		DF5C02252A22C67900E9898E /* Poppins-SemiBold.ttf */ = {isa = PBXFileReference; lastKnownFileType = file; path = "Poppins-SemiBold.ttf"; sourceTree = "<group>"; };
		DF5C02262A22C67900E9898E /* Poppins-Italic.ttf */ = {isa = PBXFileReference; lastKnownFileType = file; path = "Poppins-Italic.ttf"; sourceTree = "<group>"; };
		DF5C02272A22C67900E9898E /* Poppins-MediumItalic.ttf */ = {isa = PBXFileReference; lastKnownFileType = file; path = "Poppins-MediumItalic.ttf"; sourceTree = "<group>"; };
		DF5C023B2A22C6AF00E9898E /* Info.plist */ = {isa = PBXFileReference; lastKnownFileType = text.plist; path = Info.plist; sourceTree = "<group>"; };
		DF5C023C2A22C86900E9898E /* Constants.swift */ = {isa = PBXFileReference; lastKnownFileType = sourcecode.swift; path = Constants.swift; sourceTree = "<group>"; };
		DF5C023F2A22DBFD00E9898E /* EditPetView.swift */ = {isa = PBXFileReference; lastKnownFileType = sourcecode.swift; path = EditPetView.swift; sourceTree = "<group>"; };
		DF5C02412A22DC0E00E9898E /* EditPetViewModel.swift */ = {isa = PBXFileReference; lastKnownFileType = sourcecode.swift; path = EditPetViewModel.swift; sourceTree = "<group>"; };
		DF64A5272A4236EF00A3138D /* HomeViewModel.swift */ = {isa = PBXFileReference; lastKnownFileType = sourcecode.swift; path = HomeViewModel.swift; sourceTree = "<group>"; };
		DF912F6E2A22DFF000F15799 /* FormView.swift */ = {isa = PBXFileReference; lastKnownFileType = sourcecode.swift; path = FormView.swift; sourceTree = "<group>"; };
		DFAC1C3F2A2AE72400966782 /* Animation.swift */ = {isa = PBXFileReference; lastKnownFileType = sourcecode.swift; path = Animation.swift; sourceTree = "<group>"; };
		DFAC1C422A2AF26200966782 /* RemovePetButton.swift */ = {isa = PBXFileReference; lastKnownFileType = sourcecode.swift; path = RemovePetButton.swift; sourceTree = "<group>"; };
		DFAC1C442A2AF2A400966782 /* View.swift */ = {isa = PBXFileReference; lastKnownFileType = sourcecode.swift; path = View.swift; sourceTree = "<group>"; };
/* End PBXFileReference section */

/* Begin PBXFrameworksBuildPhase section */
		641AEB062A1EC48C00F2CE34 /* Frameworks */ = {
			isa = PBXFrameworksBuildPhase;
			buildActionMask = 2147483647;
			files = (
			);
			runOnlyForDeploymentPostprocessing = 0;
		};
/* End PBXFrameworksBuildPhase section */

/* Begin PBXGroup section */
		415718FD2A3BBECB00AE415F /* Recovered References */ = {
			isa = PBXGroup;
			children = (
				641AEB342A1ED90900F2CE34 /* HomeViewModel.swift */,
				6468342F2A26C9F4004A782D /* Specie.swift */,
				641AEB302A1ED8EA00F2CE34 /* HomeModel.swift */,
			);
			name = "Recovered References";
			sourceTree = "<group>";
		};
		4A4E8DB62A3A678400B5586B /* Helper */ = {
			isa = PBXGroup;
			children = (
				4A4E8DB72A3A679B00B5586B /* Helper.swift */,
			);
			path = Helper;
			sourceTree = "<group>";
		};
		4A4E8DB92A3A698200B5586B /* ViewModel */ = {
			isa = PBXGroup;
			children = (
				4A4E8DBA2A3A69B900B5586B /* ConfigViewModel.swift */,
			);
			path = ViewModel;
			sourceTree = "<group>";
		};
		4A56853F2A4E2CA4002E5B4B /* Curiosity */ = {
			isa = PBXGroup;
			children = (
				4A56853D2A4E2AFB002E5B4B /* Curiosity.swift */,
			);
			path = Curiosity;
			sourceTree = "<group>";
		};
		4A5CF9A72A39356500902300 /* ConfigButton */ = {
			isa = PBXGroup;
			children = (
				4A5CF9A82A39358300902300 /* ConfigButton.swift */,
			);
			path = ConfigButton;
			sourceTree = "<group>";
		};
		4A5F4A1A2A37E2D700A8829C /* Config */ = {
			isa = PBXGroup;
			children = (
				4A4E8DB92A3A698200B5586B /* ViewModel */,
				4A5F4A1B2A37E2E500A8829C /* View */,
			);
			path = Config;
			sourceTree = "<group>";
		};
		4A5F4A1B2A37E2E500A8829C /* View */ = {
			isa = PBXGroup;
			children = (
				4A5CF9A72A39356500902300 /* ConfigButton */,
				4A5F4A1E2A37EA3300A8829C /* ConfigOptions */,
				4A5F4A1C2A37E31600A8829C /* ConfigView.swift */,
			);
			path = View;
			sourceTree = "<group>";
		};
		4A5F4A1E2A37EA3300A8829C /* ConfigOptions */ = {
			isa = PBXGroup;
			children = (
				4A5F4A1F2A37EA5500A8829C /* ConfigOptions.swift */,
			);
			path = ConfigOptions;
			sourceTree = "<group>";
		};
		4A8A47062A4CFBF100F479A0 /* Services */ = {
			isa = PBXGroup;
			children = (
				4A56853F2A4E2CA4002E5B4B /* Curiosity */,
			);
			path = Services;
			sourceTree = "<group>";
		};
		641AEB002A1EC48C00F2CE34 = {
			isa = PBXGroup;
			children = (
				B109C1BE2A4225B1008585BE /* loveMyPet.xcdatamodeld */,
				641AEB0B2A1EC48C00F2CE34 /* loveMyPet */,
				641AEB0A2A1EC48C00F2CE34 /* Products */,
				415718FD2A3BBECB00AE415F /* Recovered References */,
			);
			sourceTree = "<group>";
		};
		641AEB0A2A1EC48C00F2CE34 /* Products */ = {
			isa = PBXGroup;
			children = (
				641AEB092A1EC48C00F2CE34 /* loveMyPet.app */,
			);
			name = Products;
			sourceTree = "<group>";
		};
		641AEB0B2A1EC48C00F2CE34 /* loveMyPet */ = {
			isa = PBXGroup;
			children = (
				DF5C023B2A22C6AF00E9898E /* Info.plist */,
				641AEB272A1ED05100F2CE34 /* App */,
				641AEB1A2A1EC93000F2CE34 /* Resources */,
				4A8A47062A4CFBF100F479A0 /* Services */,
				641AEB1B2A1EC94900F2CE34 /* Common */,
				641AEB1C2A1ECAE800F2CE34 /* Modules */,
				641AEB122A1EC48C00F2CE34 /* Preview Content */,
			);
			path = loveMyPet;
			sourceTree = "<group>";
		};
		641AEB122A1EC48C00F2CE34 /* Preview Content */ = {
			isa = PBXGroup;
			children = (
				641AEB132A1EC48C00F2CE34 /* Preview Assets.xcassets */,
			);
			path = "Preview Content";
			sourceTree = "<group>";
		};
		641AEB1A2A1EC93000F2CE34 /* Resources */ = {
			isa = PBXGroup;
			children = (
				DF5C02132A22C66000E9898E /* Font */,
				641AEB102A1EC48C00F2CE34 /* Assets.xcassets */,
			);
			path = Resources;
			sourceTree = "<group>";
		};
		641AEB1B2A1EC94900F2CE34 /* Common */ = {
			isa = PBXGroup;
			children = (
				4A4E8DB62A3A678400B5586B /* Helper */,
				B109C1C62A422701008585BE /* Manager */,
				641AEB222A1ECF1D00F2CE34 /* Components */,
				641AEB212A1ECE9B00F2CE34 /* Extensions */,
				641AEB202A1ECDF800F2CE34 /* Entities */,
				641AEB1F2A1ECDED00F2CE34 /* Enums */,
			);
			path = Common;
			sourceTree = "<group>";
		};
		641AEB1C2A1ECAE800F2CE34 /* Modules */ = {
			isa = PBXGroup;
			children = (
				C02F50052A4CE82E009CB3DF /* Task */,
				DF5C023E2A22DBCF00E9898E /* EditPet */,
				4A5F4A1A2A37E2D700A8829C /* Config */,
				645458C02A2942F3008C4B53 /* PetDetail */,
				641AEB232A1ED01C00F2CE34 /* Home */,
			);
			path = Modules;
			sourceTree = "<group>";
		};
		641AEB1F2A1ECDED00F2CE34 /* Enums */ = {
			isa = PBXGroup;
			children = (
				645458C62A29708D008C4B53 /* Fonts.swift */,
				DF5C023C2A22C86900E9898E /* Constants.swift */,
				DF36E1D52A23A74800CEE0A9 /* TypeFormRow.swift */,
				412D00EA2A392BF000544B21 /* TabContextView.swift */,
				412D00EC2A393CE000544B21 /* Assets.swift */,
				B14689FB2A3922760070382B /* Color.swift */,
				4A54C83E2A3134120049CEC0 /* ColorScheme.swift */,
				4A8A47092A4CFE7100F479A0 /* HttpError.swift */,
			);
			path = Enums;
			sourceTree = "<group>";
		};
		641AEB202A1ECDF800F2CE34 /* Entities */ = {
			isa = PBXGroup;
			children = (
				41F894892A3153FA00C9AE02 /* Gender.swift */,
				DF36E1D32A23A72A00CEE0A9 /* Neutered.swift */,
				41F8948B2A37C43000C9AE02 /* Specie.swift */,
				640189BF2A29543000813E20 /* NewPet.swift */,
				4A5685402A4E3237002E5B4B /* Fact.swift */,
				B109C1C52A42269F008585BE /* Pet */,
			);
			path = Entities;
			sourceTree = "<group>";
		};
		641AEB212A1ECE9B00F2CE34 /* Extensions */ = {
			isa = PBXGroup;
			children = (
				DFAC1C3F2A2AE72400966782 /* Animation.swift */,
				DFAC1C442A2AF2A400966782 /* View.swift */,
			);
			path = Extensions;
			sourceTree = "<group>";
		};
		641AEB222A1ECF1D00F2CE34 /* Components */ = {
			isa = PBXGroup;
			children = (
				640920CF2A2008FE0090A364 /* CardPet.swift */,
				A393B5C72A300097006FA0F1 /* CustomTabView.swift */,
				412D00E82A39216000544B21 /* CustomHomeNavigation.swift */,
				414D59F12A3D32B90058D0E7 /* CustomEditNavigation.swift */,
				640189C12A296B0B00813E20 /* AlertMessage.swift */,
			);
			path = Components;
			sourceTree = "<group>";
		};
		641AEB232A1ED01C00F2CE34 /* Home */ = {
			isa = PBXGroup;
			children = (
				DF64A5262A4236DF00A3138D /* ViewModel */,
				641AEB262A1ED03500F2CE34 /* View */,
			);
			path = Home;
			sourceTree = "<group>";
		};
		641AEB262A1ED03500F2CE34 /* View */ = {
			isa = PBXGroup;
			children = (
				641AEB322A1ED8FC00F2CE34 /* HomeView.swift */,
			);
			path = View;
			sourceTree = "<group>";
		};
		641AEB272A1ED05100F2CE34 /* App */ = {
			isa = PBXGroup;
			children = (
				641AEB0C2A1EC48C00F2CE34 /* loveMyPetApp.swift */,
			);
			path = App;
			sourceTree = "<group>";
		};
		645458C02A2942F3008C4B53 /* PetDetail */ = {
			isa = PBXGroup;
			children = (
				B10597FD2A37C97B0029CFE3 /* ViewModel */,
				645458C12A294307008C4B53 /* View */,
			);
			path = PetDetail;
			sourceTree = "<group>";
		};
		645458C12A294307008C4B53 /* View */ = {
			isa = PBXGroup;
			children = (
				B10598002A37C9B90029CFE3 /* PetData */,
				645458C22A294317008C4B53 /* PetDetailView.swift */,
			);
			path = View;
			sourceTree = "<group>";
		};
		B10597FD2A37C97B0029CFE3 /* ViewModel */ = {
			isa = PBXGroup;
			children = (
				B10597FE2A37C98E0029CFE3 /* PetDetailViewModel.swift */,
			);
			path = ViewModel;
			sourceTree = "<group>";
		};
		B10598002A37C9B90029CFE3 /* PetData */ = {
			isa = PBXGroup;
			children = (
				B10598032A37C9F50029CFE3 /* PetData.swift */,
			);
			path = PetData;
			sourceTree = "<group>";
		};
		B109C1C52A42269F008585BE /* Pet */ = {
			isa = PBXGroup;
			children = (
				B109C1C12A422680008585BE /* Pet+CoreDataClass.swift */,
				B109C1C22A422680008585BE /* Pet+CoreDataProperties.swift */,
			);
			path = Pet;
			sourceTree = "<group>";
		};
		B109C1C62A422701008585BE /* Manager */ = {
			isa = PBXGroup;
			children = (
				B109C1C72A42270E008585BE /* CoreDataManager.swift */,
			);
			path = Manager;
			sourceTree = "<group>";
		};
		C02F50052A4CE82E009CB3DF /* Task */ = {
			isa = PBXGroup;
			children = (
				C02F50082A4CE8D5009CB3DF /* View */,
			);
			path = Task;
			sourceTree = "<group>";
		};
		C02F50082A4CE8D5009CB3DF /* View */ = {
			isa = PBXGroup;
			children = (
				C02F50062A4CE8B3009CB3DF /* TaskView.swift */,
			);
			path = View;
			sourceTree = "<group>";
		};
		DF36E1C22A239BB300CEE0A9 /* FormView */ = {
			isa = PBXGroup;
			children = (
				DF912F6E2A22DFF000F15799 /* FormView.swift */,
				DF36E1CA2A239C5300CEE0A9 /* FormRow */,
				DF36E1C32A239BCB00CEE0A9 /* PickerView */,
			);
			path = FormView;
			sourceTree = "<group>";
		};
		DF36E1C32A239BCB00CEE0A9 /* PickerView */ = {
			isa = PBXGroup;
			children = (
				41F894872A314C2600C9AE02 /* ImagePicker.swift */,
				DF36E1C42A239BE900CEE0A9 /* GenderPicker.swift */,
				DF36E1C62A239BF900CEE0A9 /* SpeciePicker.swift */,
				DF36E1C82A239C3600CEE0A9 /* BreedPicker.swift */,
				DF36E1CD2A239F1B00CEE0A9 /* NeuteredPicker.swift */,
				DF36E1D72A23A7DE00CEE0A9 /* WeightPicker.swift */,
				B1220F922A42DDEB00CFA3C5 /* BirthDatePicker.swift */,
			);
			path = PickerView;
			sourceTree = "<group>";
		};
		DF36E1CA2A239C5300CEE0A9 /* FormRow */ = {
			isa = PBXGroup;
			children = (
				DF36E1CB2A239C6700CEE0A9 /* FormRowCell.swift */,
			);
			path = FormRow;
			sourceTree = "<group>";
		};
		DF5C02132A22C66000E9898E /* Font */ = {
			isa = PBXGroup;
			children = (
				DF5C02142A22C67900E9898E /* Poppins */,
			);
			path = Font;
			sourceTree = "<group>";
		};
		DF5C02142A22C67900E9898E /* Poppins */ = {
			isa = PBXGroup;
			children = (
				DF5C02152A22C67900E9898E /* Poppins-ExtraLight.ttf */,
				DF5C02162A22C67900E9898E /* Poppins-ThinItalic.ttf */,
				DF5C02172A22C67900E9898E /* Poppins-ExtraLightItalic.ttf */,
				DF5C02182A22C67900E9898E /* Poppins-BoldItalic.ttf */,
				DF5C02192A22C67900E9898E /* Poppins-Light.ttf */,
				DF5C021A2A22C67900E9898E /* Poppins-Medium.ttf */,
				DF5C021B2A22C67900E9898E /* Poppins-SemiBoldItalic.ttf */,
				DF5C021C2A22C67900E9898E /* Poppins-ExtraBoldItalic.ttf */,
				DF5C021D2A22C67900E9898E /* Poppins-ExtraBold.ttf */,
				DF5C021E2A22C67900E9898E /* Poppins-BlackItalic.ttf */,
				DF5C021F2A22C67900E9898E /* OFL.txt */,
				DF5C02202A22C67900E9898E /* Poppins-Regular.ttf */,
				DF5C02212A22C67900E9898E /* Poppins-LightItalic.ttf */,
				DF5C02222A22C67900E9898E /* Poppins-Bold.ttf */,
				DF5C02232A22C67900E9898E /* Poppins-Black.ttf */,
				DF5C02242A22C67900E9898E /* Poppins-Thin.ttf */,
				DF5C02252A22C67900E9898E /* Poppins-SemiBold.ttf */,
				DF5C02262A22C67900E9898E /* Poppins-Italic.ttf */,
				DF5C02272A22C67900E9898E /* Poppins-MediumItalic.ttf */,
			);
			path = Poppins;
			sourceTree = "<group>";
		};
		DF5C023E2A22DBCF00E9898E /* EditPet */ = {
			isa = PBXGroup;
			children = (
				DF5C02432A22DC1E00E9898E /* ViewModel */,
				DF5C02442A22DC2C00E9898E /* View */,
			);
			path = EditPet;
			sourceTree = "<group>";
		};
		DF5C02432A22DC1E00E9898E /* ViewModel */ = {
			isa = PBXGroup;
			children = (
				DF5C02412A22DC0E00E9898E /* EditPetViewModel.swift */,
			);
			path = ViewModel;
			sourceTree = "<group>";
		};
		DF5C02442A22DC2C00E9898E /* View */ = {
			isa = PBXGroup;
			children = (
				DF5C023F2A22DBFD00E9898E /* EditPetView.swift */,
				DFAC1C412A2AF24900966782 /* RemovePetButton */,
				DF36E1C22A239BB300CEE0A9 /* FormView */,
			);
			path = View;
			sourceTree = "<group>";
		};
		DF64A5262A4236DF00A3138D /* ViewModel */ = {
			isa = PBXGroup;
			children = (
				DF64A5272A4236EF00A3138D /* HomeViewModel.swift */,
			);
			path = ViewModel;
			sourceTree = "<group>";
		};
		DFAC1C412A2AF24900966782 /* RemovePetButton */ = {
			isa = PBXGroup;
			children = (
				DFAC1C422A2AF26200966782 /* RemovePetButton.swift */,
			);
			path = RemovePetButton;
			sourceTree = "<group>";
		};
/* End PBXGroup section */

/* Begin PBXNativeTarget section */
		641AEB082A1EC48C00F2CE34 /* loveMyPet */ = {
			isa = PBXNativeTarget;
			buildConfigurationList = 641AEB172A1EC48C00F2CE34 /* Build configuration list for PBXNativeTarget "loveMyPet" */;
			buildPhases = (
				641AEB052A1EC48C00F2CE34 /* Sources */,
				641AEB062A1EC48C00F2CE34 /* Frameworks */,
				641AEB072A1EC48C00F2CE34 /* Resources */,
			);
			buildRules = (
			);
			dependencies = (
			);
			name = loveMyPet;
			productName = loveMyPet;
			productReference = 641AEB092A1EC48C00F2CE34 /* loveMyPet.app */;
			productType = "com.apple.product-type.application";
		};
/* End PBXNativeTarget section */

/* Begin PBXProject section */
		641AEB012A1EC48C00F2CE34 /* Project object */ = {
			isa = PBXProject;
			attributes = {
				BuildIndependentTargetsInParallel = 1;
				LastSwiftUpdateCheck = 1430;
				LastUpgradeCheck = 1430;
				TargetAttributes = {
					641AEB082A1EC48C00F2CE34 = {
						CreatedOnToolsVersion = 14.3;
					};
				};
			};
			buildConfigurationList = 641AEB042A1EC48C00F2CE34 /* Build configuration list for PBXProject "loveMyPet" */;
			compatibilityVersion = "Xcode 14.0";
			developmentRegion = en;
			hasScannedForEncodings = 0;
			knownRegions = (
				en,
				Base,
			);
			mainGroup = 641AEB002A1EC48C00F2CE34;
			productRefGroup = 641AEB0A2A1EC48C00F2CE34 /* Products */;
			projectDirPath = "";
			projectRoot = "";
			targets = (
				641AEB082A1EC48C00F2CE34 /* loveMyPet */,
			);
		};
/* End PBXProject section */

/* Begin PBXResourcesBuildPhase section */
		641AEB072A1EC48C00F2CE34 /* Resources */ = {
			isa = PBXResourcesBuildPhase;
			buildActionMask = 2147483647;
			files = (
				DF5C022C2A22C67900E9898E /* Poppins-Light.ttf in Resources */,
				DF5C02362A22C67900E9898E /* Poppins-Black.ttf in Resources */,
				DF5C02342A22C67900E9898E /* Poppins-LightItalic.ttf in Resources */,
				DF5C02372A22C67900E9898E /* Poppins-Thin.ttf in Resources */,
				DF5C02282A22C67900E9898E /* Poppins-ExtraLight.ttf in Resources */,
				DF5C02382A22C67900E9898E /* Poppins-SemiBold.ttf in Resources */,
				DF5C02352A22C67900E9898E /* Poppins-Bold.ttf in Resources */,
				DF5C02292A22C67900E9898E /* Poppins-ThinItalic.ttf in Resources */,
				DF5C022A2A22C67900E9898E /* Poppins-ExtraLightItalic.ttf in Resources */,
				DF5C02312A22C67900E9898E /* Poppins-BlackItalic.ttf in Resources */,
				DF5C022F2A22C67900E9898E /* Poppins-ExtraBoldItalic.ttf in Resources */,
				DF5C022B2A22C67900E9898E /* Poppins-BoldItalic.ttf in Resources */,
				DF5C022E2A22C67900E9898E /* Poppins-SemiBoldItalic.ttf in Resources */,
				DF5C02322A22C67900E9898E /* OFL.txt in Resources */,
				DF5C02332A22C67900E9898E /* Poppins-Regular.ttf in Resources */,
				DF5C02302A22C67900E9898E /* Poppins-ExtraBold.ttf in Resources */,
				DF5C022D2A22C67900E9898E /* Poppins-Medium.ttf in Resources */,
				641AEB142A1EC48C00F2CE34 /* Preview Assets.xcassets in Resources */,
				DF5C02392A22C67900E9898E /* Poppins-Italic.ttf in Resources */,
				DF5C023A2A22C67900E9898E /* Poppins-MediumItalic.ttf in Resources */,
				641AEB112A1EC48C00F2CE34 /* Assets.xcassets in Resources */,
			);
			runOnlyForDeploymentPostprocessing = 0;
		};
/* End PBXResourcesBuildPhase section */

/* Begin PBXSourcesBuildPhase section */
		641AEB052A1EC48C00F2CE34 /* Sources */ = {
			isa = PBXSourcesBuildPhase;
			buildActionMask = 2147483647;
			files = (
				4A54C83F2A3134120049CEC0 /* ColorScheme.swift in Sources */,
				640189C02A29543000813E20 /* NewPet.swift in Sources */,
				DF36E1D62A23A74800CEE0A9 /* TypeFormRow.swift in Sources */,
				DF36E1D82A23A7DE00CEE0A9 /* WeightPicker.swift in Sources */,
				DF64A5282A4236EF00A3138D /* HomeViewModel.swift in Sources */,
				645458C72A29708D008C4B53 /* Fonts.swift in Sources */,
				412D00EB2A392BF000544B21 /* TabContextView.swift in Sources */,
				41F8948A2A3153FA00C9AE02 /* Gender.swift in Sources */,
				DF912F6F2A22DFF000F15799 /* FormView.swift in Sources */,
				4A5685412A4E3237002E5B4B /* Fact.swift in Sources */,
				DF5C02402A22DBFD00E9898E /* EditPetView.swift in Sources */,
				DF36E1C72A239BF900CEE0A9 /* SpeciePicker.swift in Sources */,
				DF36E1CC2A239C6700CEE0A9 /* FormRowCell.swift in Sources */,
				640189C22A296B0B00813E20 /* AlertMessage.swift in Sources */,
				B14689FC2A3922760070382B /* Color.swift in Sources */,
				4A5CF9A92A39358300902300 /* ConfigButton.swift in Sources */,
				B14689FC2A3922760070382B /* Color.swift in Sources */,
				4A4E8DBB2A3A69B900B5586B /* ConfigViewModel.swift in Sources */,
				4A4E8DB82A3A679B00B5586B /* Helper.swift in Sources */,
				4A5F4A202A37EA5500A8829C /* ConfigOptions.swift in Sources */,
				640189C22A296B0B00813E20 /* AlertMessage.swift in Sources */,
				645458C72A29708D008C4B53 /* Fonts.swift in Sources */,
				B14689FC2A3922760070382B /* Color.swift in Sources */,
				B109C1C02A4225B1008585BE /* loveMyPet.xcdatamodeld in Sources */,
				641AEB0D2A1EC48C00F2CE34 /* loveMyPetApp.swift in Sources */,
				414D59F22A3D32B90058D0E7 /* CustomEditNavigation.swift in Sources */,
				DFAC1C452A2AF2A400966782 /* View.swift in Sources */,
				41F8948C2A37C43000C9AE02 /* Specie.swift in Sources */,
				4A8A470A2A4CFE7100F479A0 /* HttpError.swift in Sources */,
				DFAC1C402A2AE72400966782 /* Animation.swift in Sources */,
				412D00E92A39216000544B21 /* CustomHomeNavigation.swift in Sources */,
				DFAC1C432A2AF26200966782 /* RemovePetButton.swift in Sources */,
				640920D02A2008FE0090A364 /* CardPet.swift in Sources */,
				DF5C02422A22DC0E00E9898E /* EditPetViewModel.swift in Sources */,
				41F894882A314C2600C9AE02 /* ImagePicker.swift in Sources */,
				C02F50072A4CE8B3009CB3DF /* TaskView.swift in Sources */,
				412D00ED2A393CE000544B21 /* Assets.swift in Sources */,
				DF36E1C52A239BE900CEE0A9 /* GenderPicker.swift in Sources */,
				DF36E1C92A239C3600CEE0A9 /* BreedPicker.swift in Sources */,
				641AEB332A1ED8FC00F2CE34 /* HomeView.swift in Sources */,
				645458C32A294317008C4B53 /* PetDetailView.swift in Sources */,
				4A56853E2A4E2AFB002E5B4B /* Curiosity.swift in Sources */,
				B109C1C42A422680008585BE /* Pet+CoreDataProperties.swift in Sources */,
				B10597FF2A37C98E0029CFE3 /* PetDetailViewModel.swift in Sources */,
				B10598042A37C9F50029CFE3 /* PetData.swift in Sources */,
				DF5C023D2A22C86900E9898E /* Constants.swift in Sources */,
				DF36E1CE2A239F1B00CEE0A9 /* NeuteredPicker.swift in Sources */,
				A393B5C82A300097006FA0F1 /* CustomTabView.swift in Sources */,
				4A5F4A1D2A37E31600A8829C /* ConfigView.swift in Sources */,
				B1220F932A42DDEB00CFA3C5 /* BirthDatePicker.swift in Sources */,
				DF36E1D42A23A72A00CEE0A9 /* Neutered.swift in Sources */,
				B109C1C82A42270E008585BE /* CoreDataManager.swift in Sources */,
				B109C1C32A422680008585BE /* Pet+CoreDataClass.swift in Sources */,
			);
			runOnlyForDeploymentPostprocessing = 0;
		};
/* End PBXSourcesBuildPhase section */

/* Begin XCBuildConfiguration section */
		641AEB152A1EC48C00F2CE34 /* Debug */ = {
			isa = XCBuildConfiguration;
			buildSettings = {
				ALWAYS_SEARCH_USER_PATHS = NO;
				CLANG_ANALYZER_NONNULL = YES;
				CLANG_ANALYZER_NUMBER_OBJECT_CONVERSION = YES_AGGRESSIVE;
				CLANG_CXX_LANGUAGE_STANDARD = "gnu++20";
				CLANG_ENABLE_MODULES = YES;
				CLANG_ENABLE_OBJC_ARC = YES;
				CLANG_ENABLE_OBJC_WEAK = YES;
				CLANG_WARN_BLOCK_CAPTURE_AUTORELEASING = YES;
				CLANG_WARN_BOOL_CONVERSION = YES;
				CLANG_WARN_COMMA = YES;
				CLANG_WARN_CONSTANT_CONVERSION = YES;
				CLANG_WARN_DEPRECATED_OBJC_IMPLEMENTATIONS = YES;
				CLANG_WARN_DIRECT_OBJC_ISA_USAGE = YES_ERROR;
				CLANG_WARN_DOCUMENTATION_COMMENTS = YES;
				CLANG_WARN_EMPTY_BODY = YES;
				CLANG_WARN_ENUM_CONVERSION = YES;
				CLANG_WARN_INFINITE_RECURSION = YES;
				CLANG_WARN_INT_CONVERSION = YES;
				CLANG_WARN_NON_LITERAL_NULL_CONVERSION = YES;
				CLANG_WARN_OBJC_IMPLICIT_RETAIN_SELF = YES;
				CLANG_WARN_OBJC_LITERAL_CONVERSION = YES;
				CLANG_WARN_OBJC_ROOT_CLASS = YES_ERROR;
				CLANG_WARN_QUOTED_INCLUDE_IN_FRAMEWORK_HEADER = YES;
				CLANG_WARN_RANGE_LOOP_ANALYSIS = YES;
				CLANG_WARN_STRICT_PROTOTYPES = YES;
				CLANG_WARN_SUSPICIOUS_MOVE = YES;
				CLANG_WARN_UNGUARDED_AVAILABILITY = YES_AGGRESSIVE;
				CLANG_WARN_UNREACHABLE_CODE = YES;
				CLANG_WARN__DUPLICATE_METHOD_MATCH = YES;
				COPY_PHASE_STRIP = NO;
				DEBUG_INFORMATION_FORMAT = dwarf;
				ENABLE_STRICT_OBJC_MSGSEND = YES;
				ENABLE_TESTABILITY = YES;
				GCC_C_LANGUAGE_STANDARD = gnu11;
				GCC_DYNAMIC_NO_PIC = NO;
				GCC_NO_COMMON_BLOCKS = YES;
				GCC_OPTIMIZATION_LEVEL = 0;
				GCC_PREPROCESSOR_DEFINITIONS = (
					"DEBUG=1",
					"$(inherited)",
				);
				GCC_WARN_64_TO_32_BIT_CONVERSION = YES;
				GCC_WARN_ABOUT_RETURN_TYPE = YES_ERROR;
				GCC_WARN_UNDECLARED_SELECTOR = YES;
				GCC_WARN_UNINITIALIZED_AUTOS = YES_AGGRESSIVE;
				GCC_WARN_UNUSED_FUNCTION = YES;
				GCC_WARN_UNUSED_VARIABLE = YES;
				IPHONEOS_DEPLOYMENT_TARGET = 16.4;
				MTL_ENABLE_DEBUG_INFO = INCLUDE_SOURCE;
				MTL_FAST_MATH = YES;
				ONLY_ACTIVE_ARCH = YES;
				SDKROOT = iphoneos;
				SWIFT_ACTIVE_COMPILATION_CONDITIONS = DEBUG;
				SWIFT_OPTIMIZATION_LEVEL = "-Onone";
			};
			name = Debug;
		};
		641AEB162A1EC48C00F2CE34 /* Release */ = {
			isa = XCBuildConfiguration;
			buildSettings = {
				ALWAYS_SEARCH_USER_PATHS = NO;
				CLANG_ANALYZER_NONNULL = YES;
				CLANG_ANALYZER_NUMBER_OBJECT_CONVERSION = YES_AGGRESSIVE;
				CLANG_CXX_LANGUAGE_STANDARD = "gnu++20";
				CLANG_ENABLE_MODULES = YES;
				CLANG_ENABLE_OBJC_ARC = YES;
				CLANG_ENABLE_OBJC_WEAK = YES;
				CLANG_WARN_BLOCK_CAPTURE_AUTORELEASING = YES;
				CLANG_WARN_BOOL_CONVERSION = YES;
				CLANG_WARN_COMMA = YES;
				CLANG_WARN_CONSTANT_CONVERSION = YES;
				CLANG_WARN_DEPRECATED_OBJC_IMPLEMENTATIONS = YES;
				CLANG_WARN_DIRECT_OBJC_ISA_USAGE = YES_ERROR;
				CLANG_WARN_DOCUMENTATION_COMMENTS = YES;
				CLANG_WARN_EMPTY_BODY = YES;
				CLANG_WARN_ENUM_CONVERSION = YES;
				CLANG_WARN_INFINITE_RECURSION = YES;
				CLANG_WARN_INT_CONVERSION = YES;
				CLANG_WARN_NON_LITERAL_NULL_CONVERSION = YES;
				CLANG_WARN_OBJC_IMPLICIT_RETAIN_SELF = YES;
				CLANG_WARN_OBJC_LITERAL_CONVERSION = YES;
				CLANG_WARN_OBJC_ROOT_CLASS = YES_ERROR;
				CLANG_WARN_QUOTED_INCLUDE_IN_FRAMEWORK_HEADER = YES;
				CLANG_WARN_RANGE_LOOP_ANALYSIS = YES;
				CLANG_WARN_STRICT_PROTOTYPES = YES;
				CLANG_WARN_SUSPICIOUS_MOVE = YES;
				CLANG_WARN_UNGUARDED_AVAILABILITY = YES_AGGRESSIVE;
				CLANG_WARN_UNREACHABLE_CODE = YES;
				CLANG_WARN__DUPLICATE_METHOD_MATCH = YES;
				COPY_PHASE_STRIP = NO;
				DEBUG_INFORMATION_FORMAT = "dwarf-with-dsym";
				ENABLE_NS_ASSERTIONS = NO;
				ENABLE_STRICT_OBJC_MSGSEND = YES;
				GCC_C_LANGUAGE_STANDARD = gnu11;
				GCC_NO_COMMON_BLOCKS = YES;
				GCC_WARN_64_TO_32_BIT_CONVERSION = YES;
				GCC_WARN_ABOUT_RETURN_TYPE = YES_ERROR;
				GCC_WARN_UNDECLARED_SELECTOR = YES;
				GCC_WARN_UNINITIALIZED_AUTOS = YES_AGGRESSIVE;
				GCC_WARN_UNUSED_FUNCTION = YES;
				GCC_WARN_UNUSED_VARIABLE = YES;
				IPHONEOS_DEPLOYMENT_TARGET = 16.4;
				MTL_ENABLE_DEBUG_INFO = NO;
				MTL_FAST_MATH = YES;
				SDKROOT = iphoneos;
				SWIFT_COMPILATION_MODE = wholemodule;
				SWIFT_OPTIMIZATION_LEVEL = "-O";
				VALIDATE_PRODUCT = YES;
			};
			name = Release;
		};
		641AEB182A1EC48C00F2CE34 /* Debug */ = {
			isa = XCBuildConfiguration;
			buildSettings = {
				ASSETCATALOG_COMPILER_APPICON_NAME = AppIcon;
				ASSETCATALOG_COMPILER_GLOBAL_ACCENT_COLOR_NAME = AccentColor;
				CODE_SIGN_STYLE = Automatic;
				CURRENT_PROJECT_VERSION = 1;
				DEVELOPMENT_ASSET_PATHS = "\"loveMyPet/Preview Content\"";
				DEVELOPMENT_TEAM = "";
				ENABLE_PREVIEWS = YES;
				GENERATE_INFOPLIST_FILE = YES;
				INFOPLIST_FILE = loveMyPet/Info.plist;
				INFOPLIST_KEY_UIApplicationSceneManifest_Generation = YES;
				INFOPLIST_KEY_UIApplicationSupportsIndirectInputEvents = YES;
				INFOPLIST_KEY_UILaunchScreen_Generation = YES;
				INFOPLIST_KEY_UISupportedInterfaceOrientations_iPad = "UIInterfaceOrientationPortrait UIInterfaceOrientationPortraitUpsideDown UIInterfaceOrientationLandscapeLeft UIInterfaceOrientationLandscapeRight";
				INFOPLIST_KEY_UISupportedInterfaceOrientations_iPhone = "UIInterfaceOrientationPortrait UIInterfaceOrientationLandscapeLeft UIInterfaceOrientationLandscapeRight";
				IPHONEOS_DEPLOYMENT_TARGET = 16.0;
				LD_RUNPATH_SEARCH_PATHS = (
					"$(inherited)",
					"@executable_path/Frameworks",
				);
				MARKETING_VERSION = 1.0;
				PRODUCT_BUNDLE_IDENTIFIER = dadawdaw.loveMyPet;
				PRODUCT_NAME = "$(TARGET_NAME)";
				SWIFT_EMIT_LOC_STRINGS = YES;
				SWIFT_VERSION = 5.0;
				TARGETED_DEVICE_FAMILY = "1,2";
			};
			name = Debug;
		};
		641AEB192A1EC48C00F2CE34 /* Release */ = {
			isa = XCBuildConfiguration;
			buildSettings = {
				ASSETCATALOG_COMPILER_APPICON_NAME = AppIcon;
				ASSETCATALOG_COMPILER_GLOBAL_ACCENT_COLOR_NAME = AccentColor;
				CODE_SIGN_STYLE = Automatic;
				CURRENT_PROJECT_VERSION = 1;
				DEVELOPMENT_ASSET_PATHS = "\"loveMyPet/Preview Content\"";
				DEVELOPMENT_TEAM = "";
				ENABLE_PREVIEWS = YES;
				GENERATE_INFOPLIST_FILE = YES;
				INFOPLIST_FILE = loveMyPet/Info.plist;
				INFOPLIST_KEY_UIApplicationSceneManifest_Generation = YES;
				INFOPLIST_KEY_UIApplicationSupportsIndirectInputEvents = YES;
				INFOPLIST_KEY_UILaunchScreen_Generation = YES;
				INFOPLIST_KEY_UISupportedInterfaceOrientations_iPad = "UIInterfaceOrientationPortrait UIInterfaceOrientationPortraitUpsideDown UIInterfaceOrientationLandscapeLeft UIInterfaceOrientationLandscapeRight";
				INFOPLIST_KEY_UISupportedInterfaceOrientations_iPhone = "UIInterfaceOrientationPortrait UIInterfaceOrientationLandscapeLeft UIInterfaceOrientationLandscapeRight";
				IPHONEOS_DEPLOYMENT_TARGET = 16.0;
				LD_RUNPATH_SEARCH_PATHS = (
					"$(inherited)",
					"@executable_path/Frameworks",
				);
				MARKETING_VERSION = 1.0;
				PRODUCT_BUNDLE_IDENTIFIER = dadawdaw.loveMyPet;
				PRODUCT_NAME = "$(TARGET_NAME)";
				SWIFT_EMIT_LOC_STRINGS = YES;
				SWIFT_VERSION = 5.0;
				TARGETED_DEVICE_FAMILY = "1,2";
			};
			name = Release;
		};
/* End XCBuildConfiguration section */

/* Begin XCConfigurationList section */
		641AEB042A1EC48C00F2CE34 /* Build configuration list for PBXProject "loveMyPet" */ = {
			isa = XCConfigurationList;
			buildConfigurations = (
				641AEB152A1EC48C00F2CE34 /* Debug */,
				641AEB162A1EC48C00F2CE34 /* Release */,
			);
			defaultConfigurationIsVisible = 0;
			defaultConfigurationName = Release;
		};
		641AEB172A1EC48C00F2CE34 /* Build configuration list for PBXNativeTarget "loveMyPet" */ = {
			isa = XCConfigurationList;
			buildConfigurations = (
				641AEB182A1EC48C00F2CE34 /* Debug */,
				641AEB192A1EC48C00F2CE34 /* Release */,
			);
			defaultConfigurationIsVisible = 0;
			defaultConfigurationName = Release;
		};
/* End XCConfigurationList section */

/* Begin XCVersionGroup section */
		B109C1BE2A4225B1008585BE /* loveMyPet.xcdatamodeld */ = {
			isa = XCVersionGroup;
			children = (
				B109C1BF2A4225B1008585BE /* loveMyPet.xcdatamodel */,
			);
			currentVersion = B109C1BF2A4225B1008585BE /* loveMyPet.xcdatamodel */;
			path = loveMyPet.xcdatamodeld;
			sourceTree = "<group>";
			versionGroupType = wrapper.xcdatamodel;
		};
/* End XCVersionGroup section */
	};
	rootObject = 641AEB012A1EC48C00F2CE34 /* Project object */;
}
